// !$*UTF8*$!
{
	archiveVersion = 1;
	classes = {
	};
	objectVersion = 77;
	objects = {

/* Begin PBXBuildFile section */
		0098A0A8159A09D4F76F3FBA /* SpeechCuePlayer.swift in Sources */ = {isa = PBXBuildFile; fileRef = 3A4235A006157B1E50F19552 /* SpeechCuePlayer.swift */; };
		08409A21FF51BA98DF27603F /* Persistence.swift in Sources */ = {isa = PBXBuildFile; fileRef = B70406BC14F70DD90DDD3BBD /* Persistence.swift */; };
		093EA28BDDC5C3216DA39841 /* MovementMediaView.swift in Sources */ = {isa = PBXBuildFile; fileRef = 2AD364BE6D5143E6554EDFCE /* MovementMediaView.swift */; };
		0963693DD96740FD23A5D825 /* WatchWorkoutStartupCoordinator.swift in Sources */ = {isa = PBXBuildFile; fileRef = C0940BB8E279F8E390DE6BC8 /* WatchWorkoutStartupCoordinator.swift */; };
		0A5EDF0A3FE5D15B62110B95 /* WorkoutLiveActivityPresenter.swift in Sources */ = {isa = PBXBuildFile; fileRef = 93B97D389D507E23AC2326E7 /* WorkoutLiveActivityPresenter.swift */; };
		0F021B1C195AE56DF61087DF /* WCSessionBridge.swift in Sources */ = {isa = PBXBuildFile; fileRef = DD16C6BD455D82D104CCC587 /* WCSessionBridge.swift */; };
		127462E89A21FB7EFBB43AA3 /* WorkoutResultRelaunchTests.swift in Sources */ = {isa = PBXBuildFile; fileRef = E02338D89AEFC9356EBF5B2D /* WorkoutResultRelaunchTests.swift */; };
		12A002EF37E40F0F26B67708 /* WorkoutSessionController.swift in Sources */ = {isa = PBXBuildFile; fileRef = D06D0F6FA44533D12866252C /* WorkoutSessionController.swift */; };
		138F26696BE9235FEB46397B /* Assets.xcassets in Resources */ = {isa = PBXBuildFile; fileRef = 83B4CFD364D565BED88102B0 /* Assets.xcassets */; };
		13F239F140195D7F95446699 /* WorkoutActivityAttributes.swift in Sources */ = {isa = PBXBuildFile; fileRef = 6B6EE3BB8CB85959A4A0878C /* WorkoutActivityAttributes.swift */; };
		16583A59E8DED8D348D6C0D3 /* HealthImportService.swift in Sources */ = {isa = PBXBuildFile; fileRef = BD7DD725680061E437C6B105 /* HealthImportService.swift */; };
		174E00938B40C4F9D4052674 /* DiagnosticsExporter.swift in Sources */ = {isa = PBXBuildFile; fileRef = 4110BD3938FBEC23508A09CF /* DiagnosticsExporter.swift */; };
		19DD501CE963E0330FE36085 /* TreadmillDistanceSheet.swift in Sources */ = {isa = PBXBuildFile; fileRef = 5B3442BE6DF9F90A9C582286 /* TreadmillDistanceSheet.swift */; };
		1D610A28057F2C45E39A3200 /* StrengthPlayerView.swift in Sources */ = {isa = PBXBuildFile; fileRef = AC2693A6CBA485E0CAB4A16E /* StrengthPlayerView.swift */; };
		2295D09DA4B9A08AC38705E8 /* SessionSyncMessage.swift in Sources */ = {isa = PBXBuildFile; fileRef = 8E1D81FBC5B76A21992B75A7 /* SessionSyncMessage.swift */; };
		23832CC9857DA2E25B6CE345 /* StrengthDetailView.swift in Sources */ = {isa = PBXBuildFile; fileRef = 818FAC2E07C383F4C591702E /* StrengthDetailView.swift */; };
		24105199DEDA07152FA63896 /* WatchStore.swift in Sources */ = {isa = PBXBuildFile; fileRef = 6C83236791022F5208F5DC89 /* WatchStore.swift */; };
		26BBAA1750C8B78057950701 /* WrathspeedWidgets.swift in Sources */ = {isa = PBXBuildFile; fileRef = 5EAD67EF2B0C24BA3EAF5D4F /* WrathspeedWidgets.swift */; };
		27FB4D2E4EE3ED64794B4F6B /* WorkoutSessionCoordinator.swift in Sources */ = {isa = PBXBuildFile; fileRef = C1E8C119916F881776860D7C /* WorkoutSessionCoordinator.swift */; };
		29A8948FA9694CB749505CF7 /* PlanStartPreflightUITests.swift in Sources */ = {isa = PBXBuildFile; fileRef = CF5AB36402A48762CF6E8383 /* PlanStartPreflightUITests.swift */; };
		2E5B3775E77AAEFC7216EF85 /* WorkoutRouteRecorder.swift in Sources */ = {isa = PBXBuildFile; fileRef = CDE9728CECC60D2E0C2F71E5 /* WorkoutRouteRecorder.swift */; };
		2F1364AFE26CA9375735A694 /* SpeechCuePlayer.swift in Sources */ = {isa = PBXBuildFile; fileRef = 3A4235A006157B1E50F19552 /* SpeechCuePlayer.swift */; };
		303E7770CCB71075E7BDB175 /* Anton-Regular.ttf in Resources */ = {isa = PBXBuildFile; fileRef = ACAF9D2CD26EBF982A6FF521 /* Anton-Regular.ttf */; };
		30E9A3671D9420EB2EA75674 /* NotFeeling100View.swift in Sources */ = {isa = PBXBuildFile; fileRef = D68DDE74F3F9C8CB706ACE82 /* NotFeeling100View.swift */; };
		3400C63FB6538DF0B2DC8C79 /* strength_catalog.json in Resources */ = {isa = PBXBuildFile; fileRef = 50A5504FE777036C5125075E /* strength_catalog.json */; };
		34098963E6B7970486DA1B2C /* WatchWorkoutStartupCoordinator.swift in Sources */ = {isa = PBXBuildFile; fileRef = C0940BB8E279F8E390DE6BC8 /* WatchWorkoutStartupCoordinator.swift */; };
		34513DBB32E5BF6C3636E34C /* HistoryView.swift in Sources */ = {isa = PBXBuildFile; fileRef = 66E0BE933D5F6D29B309A5D8 /* HistoryView.swift */; };
		35057545D76FE3DA5D2A1B62 /* OnboardingFlowTests.swift in Sources */ = {isa = PBXBuildFile; fileRef = F5D955E217DE5DC7092EED75 /* OnboardingFlowTests.swift */; };
		35A9D38A9CFD8F627089813F /* WrathspeedApp.swift in Sources */ = {isa = PBXBuildFile; fileRef = 15F4FC0EBEE89139D8A8C61D /* WrathspeedApp.swift */; };
		35B9374EC17463BF8DEB33BA /* WatchStore.swift in Sources */ = {isa = PBXBuildFile; fileRef = 6C83236791022F5208F5DC89 /* WatchStore.swift */; };
		385B2A81801F47910BF0E06D /* LiveRunView.swift in Sources */ = {isa = PBXBuildFile; fileRef = 7D8CB62C4441B29426DBFD20 /* LiveRunView.swift */; };
		39DC7827A28AC1C7A31A77BD /* WorkoutRouteRecorder.swift in Sources */ = {isa = PBXBuildFile; fileRef = CDE9728CECC60D2E0C2F71E5 /* WorkoutRouteRecorder.swift */; };
		3CC57FEA3020E17C575F5168 /* mobility_catalog.json in Resources */ = {isa = PBXBuildFile; fileRef = F9F2C82776E44393CEF04BB8 /* mobility_catalog.json */; };
		42B22ADF46231E1A73A44ACA /* UITestingHarnessTests.swift in Sources */ = {isa = PBXBuildFile; fileRef = 643CF5C692C85600C0C0866D /* UITestingHarnessTests.swift */; };
		46B76C9B513F1C547A28476C /* ManagePlanView.swift in Sources */ = {isa = PBXBuildFile; fileRef = AA496765F3551500A8BAB109 /* ManagePlanView.swift */; };
		46D939B4D95BE0DB23B11C1C /* Anton-Regular.ttf in Resources */ = {isa = PBXBuildFile; fileRef = 418BE3FDC48040B95EB6D597 /* Anton-Regular.ttf */; };
		4CE2F27B00D079671AFC6E3B /* WSComponents.swift in Sources */ = {isa = PBXBuildFile; fileRef = C15C3868B4CD63B285917AFB /* WSComponents.swift */; };
		54C2D20468188657C73AE520 /* WeeklyCalendarView.swift in Sources */ = {isa = PBXBuildFile; fileRef = 623774FFF1E871E49DE1774E /* WeeklyCalendarView.swift */; };
		5556FA81D699935F03C32F92 /* Archivo-Variable.ttf in Resources */ = {isa = PBXBuildFile; fileRef = E6F2F7941085072F4B2A8C75 /* Archivo-Variable.ttf */; };
		556A60ABC61F61595652376D /* MovementLibraryView.swift in Sources */ = {isa = PBXBuildFile; fileRef = C4BF4A4556588718FF9A783E /* MovementLibraryView.swift */; };
		5674EA7501E0D1ACB1B57B34 /* WSTheme.swift in Sources */ = {isa = PBXBuildFile; fileRef = 0FED451768F4FC33153BFD72 /* WSTheme.swift */; };
		58D3E009B40C2F83CDB436C4 /* WorkoutSessionController.swift in Sources */ = {isa = PBXBuildFile; fileRef = D06D0F6FA44533D12866252C /* WorkoutSessionController.swift */; };
		599682F4FB24ADD240653999 /* SessionRecoveryView.swift in Sources */ = {isa = PBXBuildFile; fileRef = 6C1EF278B0F4CE19776DCFDA /* SessionRecoveryView.swift */; };
		5B005FDC0F626F9936D5FA74 /* SessionRecoveryTests.swift in Sources */ = {isa = PBXBuildFile; fileRef = C49FE3FC05C57B7375BEAE9F /* SessionRecoveryTests.swift */; };
		5D96CACCCDC375A0D899A3A2 /* PersistenceMigration.swift in Sources */ = {isa = PBXBuildFile; fileRef = 36B128DF18547015FD23B5C2 /* PersistenceMigration.swift */; };
		605509E7B1013D6B37BB7150 /* UITestingSupport.swift in Sources */ = {isa = PBXBuildFile; fileRef = B109C99D068CDA5571F02ECC /* UITestingSupport.swift */; };
		61AD272462383EA658C16D71 /* HistoryEmptyStateUITests.swift in Sources */ = {isa = PBXBuildFile; fileRef = 6E5F628F0B9A7928DA7DA5AE /* HistoryEmptyStateUITests.swift */; };
		630F26760D8B32B93C467EF4 /* GuidedSessionResultStore.swift in Sources */ = {isa = PBXBuildFile; fileRef = 4FE483AC96738DD39D33167F /* GuidedSessionResultStore.swift */; };
		691401C0B8507A8CF70B2241 /* PersistedEntities.swift in Sources */ = {isa = PBXBuildFile; fileRef = DDBCD2FE6ED5AB0F7BBBEB64 /* PersistedEntities.swift */; };
		6D1E826E8B9EC666BE7D1D5C /* WorkoutReminderTests.swift in Sources */ = {isa = PBXBuildFile; fileRef = 0E2009D994ADC5DACCC9F7D1 /* WorkoutReminderTests.swift */; };
		7040DC7A8C02EEEF45227D0F /* OnboardingView.swift in Sources */ = {isa = PBXBuildFile; fileRef = CCEEA40C553246BE6668AC20 /* OnboardingView.swift */; };
		75E07B2861F6C64B59F12907 /* Milestone4UITests.swift in Sources */ = {isa = PBXBuildFile; fileRef = 2B35F9D93D95E6FC218E4E23 /* Milestone4UITests.swift */; };
		7A259D89083C1E7289D8FEDA /* ExerciseMediaScreenshotUITests.swift in Sources */ = {isa = PBXBuildFile; fileRef = 7F09743C5F592BD63C333F76 /* ExerciseMediaScreenshotUITests.swift */; };
		7A57E157111123CE544627C3 /* MobilityDetailView.swift in Sources */ = {isa = PBXBuildFile; fileRef = 102DF49B6572EDF69828AADC /* MobilityDetailView.swift */; };
		7D66773A176F4515752D8828 /* PaceBandStatus+Watch.swift in Sources */ = {isa = PBXBuildFile; fileRef = 6B0EE754EE4AD6718482106B /* PaceBandStatus+Watch.swift */; };
		7D9CE296E5BC5BDFF357DF5C /* MobilityRoutineView.swift in Sources */ = {isa = PBXBuildFile; fileRef = F1D8C3399C62380D401F02FA /* MobilityRoutineView.swift */; };
		7EC60BAAACE48C992A0F0857 /* PreflightLiveStartUITests.swift in Sources */ = {isa = PBXBuildFile; fileRef = 16C406BC82830CFAEAF59093 /* PreflightLiveStartUITests.swift */; };
		837A08A89525E4FD9859C4F5 /* GuidedResumeUITests.swift in Sources */ = {isa = PBXBuildFile; fileRef = 458B6D1DC77674D347C7ABF0 /* GuidedResumeUITests.swift */; };
		85D23F74512F143A71B5E0B3 /* Assets.xcassets in Resources */ = {isa = PBXBuildFile; fileRef = 959F85A1AB57F13A2062AF62 /* Assets.xcassets */; };
		8B3795D4B54B98BF8F83A5DD /* WrathspeedCore in Frameworks */ = {isa = PBXBuildFile; productRef = 33AE900BF55746D394E8E507 /* WrathspeedCore */; };
		8BF2323C62BB034AAF05DF5E /* SessionSyncMessage.swift in Sources */ = {isa = PBXBuildFile; fileRef = 8E1D81FBC5B76A21992B75A7 /* SessionSyncMessage.swift */; };
		936115BBAA2420FF91EDF8E2 /* WorkoutResultTreadmillTests.swift in Sources */ = {isa = PBXBuildFile; fileRef = DA6BD22CACFB4E918421417D /* WorkoutResultTreadmillTests.swift */; };
		95A677621DD67D00C1E86AA5 /* Archivo-Variable.ttf in Resources */ = {isa = PBXBuildFile; fileRef = B02A26CA46AFDFD4AB6E4E7B /* Archivo-Variable.ttf */; };
		96987FC1BA1FFB5594E6EB0F /* Archivo-Variable.ttf in Resources */ = {isa = PBXBuildFile; fileRef = 7E8377F163FF1EEAE64A2840 /* Archivo-Variable.ttf */; };
		9853F0A8A996720767E6BEE1 /* PlanView.swift in Sources */ = {isa = PBXBuildFile; fileRef = 92D8EF318C5CCFE6B6F58ABA /* PlanView.swift */; };
		98B8C197F0F4356B42DAADCC /* WSTheme.swift in Sources */ = {isa = PBXBuildFile; fileRef = 0FED451768F4FC33153BFD72 /* WSTheme.swift */; };
		991C5E1FE8470358DC6DD1A4 /* WatchStartResolver.swift in Sources */ = {isa = PBXBuildFile; fileRef = B12294A7AD8D23A013CBE728 /* WatchStartResolver.swift */; };
		9A57448FED50E18F7D79E249 /* PrivacyInfo.xcprivacy in Resources */ = {isa = PBXBuildFile; fileRef = B54428B37BB9AF7065D03896 /* PrivacyInfo.xcprivacy */; };
		9A909F6A29B02E45418643B4 /* RootView.swift in Sources */ = {isa = PBXBuildFile; fileRef = 91E19C683D7C4D990ABC4FA2 /* RootView.swift */; };
		9B57117D5E67B55CB4B8F560 /* CoachingCopy.swift in Sources */ = {isa = PBXBuildFile; fileRef = D03AE48A3DEECC9F2161D4BF /* CoachingCopy.swift */; };
		9BEE3DCDF0014F0E3BB6DD6E /* CoachingMVPHardeningTests.swift in Sources */ = {isa = PBXBuildFile; fileRef = 883309AA5F44874069BA7F88 /* CoachingMVPHardeningTests.swift */; };
		9E6C3C58A33CAF7EDB5138DB /* HealthImportPersistenceTests.swift in Sources */ = {isa = PBXBuildFile; fileRef = 9DAED163BE4A498B0C2618B9 /* HealthImportPersistenceTests.swift */; };
		A22368527F75EF25E43DFE94 /* Anton-Regular.ttf in Resources */ = {isa = PBXBuildFile; fileRef = C9A1597742ABDA88C50324EA /* Anton-Regular.ttf */; };
		A4444553BCAAC35AB37FA673 /* GuidedSessionPersistenceTests.swift in Sources */ = {isa = PBXBuildFile; fileRef = B91D30196391D4579E7FD233 /* GuidedSessionPersistenceTests.swift */; };
		A7A0A756ACFEB658F00F3F47 /* WorkoutReminderScheduler.swift in Sources */ = {isa = PBXBuildFile; fileRef = EF6DBA5EC9F40023975C40C5 /* WorkoutReminderScheduler.swift */; };
		A87C0CAA1BD1309D797E025E /* WSTheme.swift in Sources */ = {isa = PBXBuildFile; fileRef = 0FED451768F4FC33153BFD72 /* WSTheme.swift */; };
		AB22AFE5879E6C8C7E860F53 /* InstantRunView.swift in Sources */ = {isa = PBXBuildFile; fileRef = CAD3990DA838FA141746FB9D /* InstantRunView.swift */; };
		AC92B4BF12CD54FF75AE5273 /* StrengthMediaCoverageTests.swift in Sources */ = {isa = PBXBuildFile; fileRef = EC19A1E4D3A32B80A2304748 /* StrengthMediaCoverageTests.swift */; };
		B0504C1BCC111B02EE234E94 /* WrathspeedWidgets.appex in Embed Foundation Extensions */ = {isa = PBXBuildFile; fileRef = 204CDE73903492B877A70262 /* WrathspeedWidgets.appex */; settings = {ATTRIBUTES = (RemoveHeadersOnCopy, ); }; };
		B80CDD50E12330F96C9FA043 /* HealthImportAnchorStore.swift in Sources */ = {isa = PBXBuildFile; fileRef = 5F9B612342ADE9FF97239E59 /* HealthImportAnchorStore.swift */; };
		B82B586796C7106F20987146 /* HealthPermissionPrimerView.swift in Sources */ = {isa = PBXBuildFile; fileRef = B7BF97D90EBF2D7DDF615DE4 /* HealthPermissionPrimerView.swift */; };
		BCFE818563C3592790D2F8BF /* WorkoutResultRecordTests.swift in Sources */ = {isa = PBXBuildFile; fileRef = FE5F45C0CD88B74614790F6D /* WorkoutResultRecordTests.swift */; };
		BE3DC257EA2AC519FE168C15 /* WorkoutActivityAttributes.swift in Sources */ = {isa = PBXBuildFile; fileRef = 6B6EE3BB8CB85959A4A0878C /* WorkoutActivityAttributes.swift */; };
		BE4E7CAD827D8BFDF70A074A /* WrathspeedWatch.app in Embed Watch Content */ = {isa = PBXBuildFile; fileRef = A8A9306765F167518D9C5A70 /* WrathspeedWatch.app */; settings = {ATTRIBUTES = (RemoveHeadersOnCopy, ); }; };
		BF7B7D4590471BA709DB9BAD /* WrathspeedWatchApp.swift in Sources */ = {isa = PBXBuildFile; fileRef = AB921F1FAAD5039EBD71AD69 /* WrathspeedWatchApp.swift */; };
		C3F10E2CA0F7A4A56925CFA7 /* PrivacyInfo.xcprivacy in Resources */ = {isa = PBXBuildFile; fileRef = FD7196FABE0089AB0A194C01 /* PrivacyInfo.xcprivacy */; };
		C5ABE30016A04262D243ADA9 /* StrengthCatalogLoader.swift in Sources */ = {isa = PBXBuildFile; fileRef = B5624E7D9E0C87082198D4F7 /* StrengthCatalogLoader.swift */; };
		C5C3B436CDF986130BAD38C3 /* WorkoutResultMatchActionTests.swift in Sources */ = {isa = PBXBuildFile; fileRef = 16BA6A73DFA699CCFD7A5F29 /* WorkoutResultMatchActionTests.swift */; };
		C6F5EA8D16FF6B78EC7338B5 /* TodayView.swift in Sources */ = {isa = PBXBuildFile; fileRef = 065AFE97EBE1A9AFFEE14C20 /* TodayView.swift */; };
		CCCE7740CDFA9F2F39DF223A /* PlanChangeStore.swift in Sources */ = {isa = PBXBuildFile; fileRef = 1D4F3DD7BCAA6DC7D7E5350D /* PlanChangeStore.swift */; };
		CCEBBB65B933B63197D31E0D /* WatchTodayView.swift in Sources */ = {isa = PBXBuildFile; fileRef = F2FC8D270CE0AC2F405E6658 /* WatchTodayView.swift */; };
		CE1B5220BB24B4351D560354 /* WorkoutLiveActivityPresenter.swift in Sources */ = {isa = PBXBuildFile; fileRef = 93B97D389D507E23AC2326E7 /* WorkoutLiveActivityPresenter.swift */; };
		CEBC7D2957268FB10456BF06 /* PersistenceMigrationTests.swift in Sources */ = {isa = PBXBuildFile; fileRef = 4753F77EEAA5BC93EE73099D /* PersistenceMigrationTests.swift */; };
		CFC8C89C1396CD14C3FDC1D7 /* WSFormat.swift in Sources */ = {isa = PBXBuildFile; fileRef = FF2D8057349F1E37AC208309 /* WSFormat.swift */; };
		CFCA2597B2606BCEFF0E00D6 /* PlanMutationTests.swift in Sources */ = {isa = PBXBuildFile; fileRef = 7A47D9B99F540B98D0AFBE30 /* PlanMutationTests.swift */; };
		D038CD05914FE2DDB7A1D5B8 /* CelebrationView.swift in Sources */ = {isa = PBXBuildFile; fileRef = E483C98F5D35228B28E66CCB /* CelebrationView.swift */; };
		D2EA131B8B52496C2577FAB2 /* MobilityCatalogLoader.swift in Sources */ = {isa = PBXBuildFile; fileRef = E92A38D8AF2A82E6B2A46348 /* MobilityCatalogLoader.swift */; };
		D3F25A0FFAE6C37D724AE434 /* WorkoutPreflightView.swift in Sources */ = {isa = PBXBuildFile; fileRef = 94DFD20A1BAFBD94E33B47EC /* WorkoutPreflightView.swift */; };
		D65FDBEDBA00C604B4BCE703 /* UITestOnboardingHelper.swift in Sources */ = {isa = PBXBuildFile; fileRef = 0226C028B3AEA93CF981DCF2 /* UITestOnboardingHelper.swift */; };
		D907B338CB33E3147C77B2FB /* OnboardingFlowUITests.swift in Sources */ = {isa = PBXBuildFile; fileRef = 43D4CD11C1AC4AD354D1C3B7 /* OnboardingFlowUITests.swift */; };
		DCAF343F6CDADC31271161B6 /* AppStore.swift in Sources */ = {isa = PBXBuildFile; fileRef = 5E2F7A14E5CD8D4B7479ADA4 /* AppStore.swift */; };
		DD852E812D1561D365BB21FA /* WCSessionBridge.swift in Sources */ = {isa = PBXBuildFile; fileRef = DD16C6BD455D82D104CCC587 /* WCSessionBridge.swift */; };
		E4DA07A801DCFBBC4F5EB632 /* WatchStartResolver.swift in Sources */ = {isa = PBXBuildFile; fileRef = B12294A7AD8D23A013CBE728 /* WatchStartResolver.swift */; };
		EBD1A6E1491FF628060B1971 /* MockWorkoutReminderScheduler.swift in Sources */ = {isa = PBXBuildFile; fileRef = 652F94F27F65A00D2B75770C /* MockWorkoutReminderScheduler.swift */; };
		EE5AC9B48E19C5C56977383D /* SettingsView.swift in Sources */ = {isa = PBXBuildFile; fileRef = D4CFBF834821A2F1F2E98191 /* SettingsView.swift */; };
		F125944CE3894485C7D5D203 /* MobilityPlayerView.swift in Sources */ = {isa = PBXBuildFile; fileRef = 4F758519E22C68AC3B1BB7DF /* MobilityPlayerView.swift */; };
		F5E192E2351C27896E4775FC /* WrathspeedCore in Frameworks */ = {isa = PBXBuildFile; productRef = D4C95B978193A33B7CFAED9E /* WrathspeedCore */; };
		F69EA4092FDB553EB0491A3B /* ContentLicensesView.swift in Sources */ = {isa = PBXBuildFile; fileRef = 6CD1315E7BF466C7E327115A /* ContentLicensesView.swift */; };
		FA6FF25A3D8C63BEA813A02B /* WorkoutSessionCoordinator.swift in Sources */ = {isa = PBXBuildFile; fileRef = C1E8C119916F881776860D7C /* WorkoutSessionCoordinator.swift */; };
/* End PBXBuildFile section */

/* Begin PBXContainerItemProxy section */
		4851AFA6B3AAA4A169A07498 /* PBXContainerItemProxy */ = {
			isa = PBXContainerItemProxy;
			containerPortal = 0FBF55B50238D04F4CAEB657 /* Project object */;
			proxyType = 1;
			remoteGlobalIDString = 6875D54BBF5A89532BB6B62D;
			remoteInfo = WrathspeedWidgets;
		};
		673E67380F73EBA38449A51E /* PBXContainerItemProxy */ = {
			isa = PBXContainerItemProxy;
			containerPortal = 0FBF55B50238D04F4CAEB657 /* Project object */;
			proxyType = 1;
			remoteGlobalIDString = 0126CB372B9DD7367D8DBBCA;
			remoteInfo = WrathspeedWatch;
		};
		698F07A7BDCFB767F7E9210D /* PBXContainerItemProxy */ = {
			isa = PBXContainerItemProxy;
			containerPortal = 0FBF55B50238D04F4CAEB657 /* Project object */;
			proxyType = 1;
			remoteGlobalIDString = 237C48BB19F31E39DA1697EB;
			remoteInfo = Wrathspeed;
		};
		D72F60213F48F37CCEDCA337 /* PBXContainerItemProxy */ = {
			isa = PBXContainerItemProxy;
			containerPortal = 0FBF55B50238D04F4CAEB657 /* Project object */;
			proxyType = 1;
			remoteGlobalIDString = 237C48BB19F31E39DA1697EB;
			remoteInfo = Wrathspeed;
		};
/* End PBXContainerItemProxy section */

/* Begin PBXCopyFilesBuildPhase section */
		5247E7A4403348860079F3DE /* Embed Watch Content */ = {
			isa = PBXCopyFilesBuildPhase;
			buildActionMask = 2147483647;
			dstPath = "$(CONTENTS_FOLDER_PATH)/Watch";
			dstSubfolderSpec = 16;
			files = (
				BE4E7CAD827D8BFDF70A074A /* WrathspeedWatch.app in Embed Watch Content */,
			);
			name = "Embed Watch Content";
			runOnlyForDeploymentPostprocessing = 0;
		};
		D013E34998C15B7F85FD6EB2 /* Embed Foundation Extensions */ = {
			isa = PBXCopyFilesBuildPhase;
			buildActionMask = 2147483647;
			dstPath = "";
			dstSubfolderSpec = 13;
			files = (
				B0504C1BCC111B02EE234E94 /* WrathspeedWidgets.appex in Embed Foundation Extensions */,
			);
			name = "Embed Foundation Extensions";
			runOnlyForDeploymentPostprocessing = 0;
		};
/* End PBXCopyFilesBuildPhase section */

/* Begin PBXFileReference section */
		0226C028B3AEA93CF981DCF2 /* UITestOnboardingHelper.swift */ = {isa = PBXFileReference; lastKnownFileType = sourcecode.swift; path = UITestOnboardingHelper.swift; sourceTree = "<group>"; };
		065AFE97EBE1A9AFFEE14C20 /* TodayView.swift */ = {isa = PBXFileReference; lastKnownFileType = sourcecode.swift; path = TodayView.swift; sourceTree = "<group>"; };
		0E2009D994ADC5DACCC9F7D1 /* WorkoutReminderTests.swift */ = {isa = PBXFileReference; lastKnownFileType = sourcecode.swift; path = WorkoutReminderTests.swift; sourceTree = "<group>"; };
		0FED451768F4FC33153BFD72 /* WSTheme.swift */ = {isa = PBXFileReference; lastKnownFileType = sourcecode.swift; path = WSTheme.swift; sourceTree = "<group>"; };
		102DF49B6572EDF69828AADC /* MobilityDetailView.swift */ = {isa = PBXFileReference; lastKnownFileType = sourcecode.swift; path = MobilityDetailView.swift; sourceTree = "<group>"; };
		15F4FC0EBEE89139D8A8C61D /* WrathspeedApp.swift */ = {isa = PBXFileReference; lastKnownFileType = sourcecode.swift; path = WrathspeedApp.swift; sourceTree = "<group>"; };
		16BA6A73DFA699CCFD7A5F29 /* WorkoutResultMatchActionTests.swift */ = {isa = PBXFileReference; lastKnownFileType = sourcecode.swift; path = WorkoutResultMatchActionTests.swift; sourceTree = "<group>"; };
		16C406BC82830CFAEAF59093 /* PreflightLiveStartUITests.swift */ = {isa = PBXFileReference; lastKnownFileType = sourcecode.swift; path = PreflightLiveStartUITests.swift; sourceTree = "<group>"; };
		1D4F3DD7BCAA6DC7D7E5350D /* PlanChangeStore.swift */ = {isa = PBXFileReference; lastKnownFileType = sourcecode.swift; path = PlanChangeStore.swift; sourceTree = "<group>"; };
		204CDE73903492B877A70262 /* WrathspeedWidgets.appex */ = {isa = PBXFileReference; includeInIndex = 0; lastKnownFileType = "wrapper.app-extension"; path = WrathspeedWidgets.appex; sourceTree = BUILT_PRODUCTS_DIR; };
		2AD364BE6D5143E6554EDFCE /* MovementMediaView.swift */ = {isa = PBXFileReference; lastKnownFileType = sourcecode.swift; path = MovementMediaView.swift; sourceTree = "<group>"; };
		2B35F9D93D95E6FC218E4E23 /* Milestone4UITests.swift */ = {isa = PBXFileReference; lastKnownFileType = sourcecode.swift; path = Milestone4UITests.swift; sourceTree = "<group>"; };
		2C2F88EFC2EB5D541B9AA700 /* Info.plist */ = {isa = PBXFileReference; lastKnownFileType = text.plist; path = Info.plist; sourceTree = "<group>"; };
		36B128DF18547015FD23B5C2 /* PersistenceMigration.swift */ = {isa = PBXFileReference; lastKnownFileType = sourcecode.swift; path = PersistenceMigration.swift; sourceTree = "<group>"; };
		3A4235A006157B1E50F19552 /* SpeechCuePlayer.swift */ = {isa = PBXFileReference; lastKnownFileType = sourcecode.swift; path = SpeechCuePlayer.swift; sourceTree = "<group>"; };
		4110BD3938FBEC23508A09CF /* DiagnosticsExporter.swift */ = {isa = PBXFileReference; lastKnownFileType = sourcecode.swift; path = DiagnosticsExporter.swift; sourceTree = "<group>"; };
		418BE3FDC48040B95EB6D597 /* Anton-Regular.ttf */ = {isa = PBXFileReference; lastKnownFileType = file; path = "Anton-Regular.ttf"; sourceTree = "<group>"; };
		43D4CD11C1AC4AD354D1C3B7 /* OnboardingFlowUITests.swift */ = {isa = PBXFileReference; lastKnownFileType = sourcecode.swift; path = OnboardingFlowUITests.swift; sourceTree = "<group>"; };
		458B6D1DC77674D347C7ABF0 /* GuidedResumeUITests.swift */ = {isa = PBXFileReference; lastKnownFileType = sourcecode.swift; path = GuidedResumeUITests.swift; sourceTree = "<group>"; };
		4753F77EEAA5BC93EE73099D /* PersistenceMigrationTests.swift */ = {isa = PBXFileReference; lastKnownFileType = sourcecode.swift; path = PersistenceMigrationTests.swift; sourceTree = "<group>"; };
		4F758519E22C68AC3B1BB7DF /* MobilityPlayerView.swift */ = {isa = PBXFileReference; lastKnownFileType = sourcecode.swift; path = MobilityPlayerView.swift; sourceTree = "<group>"; };
		4FE483AC96738DD39D33167F /* GuidedSessionResultStore.swift */ = {isa = PBXFileReference; lastKnownFileType = sourcecode.swift; path = GuidedSessionResultStore.swift; sourceTree = "<group>"; };
		50A5504FE777036C5125075E /* strength_catalog.json */ = {isa = PBXFileReference; lastKnownFileType = text.json; path = strength_catalog.json; sourceTree = "<group>"; };
		5B3442BE6DF9F90A9C582286 /* TreadmillDistanceSheet.swift */ = {isa = PBXFileReference; lastKnownFileType = sourcecode.swift; path = TreadmillDistanceSheet.swift; sourceTree = "<group>"; };
		5E2F7A14E5CD8D4B7479ADA4 /* AppStore.swift */ = {isa = PBXFileReference; lastKnownFileType = sourcecode.swift; path = AppStore.swift; sourceTree = "<group>"; };
		5EAD67EF2B0C24BA3EAF5D4F /* WrathspeedWidgets.swift */ = {isa = PBXFileReference; lastKnownFileType = sourcecode.swift; path = WrathspeedWidgets.swift; sourceTree = "<group>"; };
		5F9B612342ADE9FF97239E59 /* HealthImportAnchorStore.swift */ = {isa = PBXFileReference; lastKnownFileType = sourcecode.swift; path = HealthImportAnchorStore.swift; sourceTree = "<group>"; };
		623774FFF1E871E49DE1774E /* WeeklyCalendarView.swift */ = {isa = PBXFileReference; lastKnownFileType = sourcecode.swift; path = WeeklyCalendarView.swift; sourceTree = "<group>"; };
		6259BB5F724E4BB2BC498533 /* WrathspeedUITests.xctest */ = {isa = PBXFileReference; includeInIndex = 0; lastKnownFileType = wrapper.cfbundle; path = WrathspeedUITests.xctest; sourceTree = BUILT_PRODUCTS_DIR; };
		643CF5C692C85600C0C0866D /* UITestingHarnessTests.swift */ = {isa = PBXFileReference; lastKnownFileType = sourcecode.swift; path = UITestingHarnessTests.swift; sourceTree = "<group>"; };
		652F94F27F65A00D2B75770C /* MockWorkoutReminderScheduler.swift */ = {isa = PBXFileReference; lastKnownFileType = sourcecode.swift; path = MockWorkoutReminderScheduler.swift; sourceTree = "<group>"; };
		66E0BE933D5F6D29B309A5D8 /* HistoryView.swift */ = {isa = PBXFileReference; lastKnownFileType = sourcecode.swift; path = HistoryView.swift; sourceTree = "<group>"; };
		6B0EE754EE4AD6718482106B /* PaceBandStatus+Watch.swift */ = {isa = PBXFileReference; lastKnownFileType = sourcecode.swift; path = "PaceBandStatus+Watch.swift"; sourceTree = "<group>"; };
		6B6EE3BB8CB85959A4A0878C /* WorkoutActivityAttributes.swift */ = {isa = PBXFileReference; lastKnownFileType = sourcecode.swift; path = WorkoutActivityAttributes.swift; sourceTree = "<group>"; };
		6C1EF278B0F4CE19776DCFDA /* SessionRecoveryView.swift */ = {isa = PBXFileReference; lastKnownFileType = sourcecode.swift; path = SessionRecoveryView.swift; sourceTree = "<group>"; };
		6C83236791022F5208F5DC89 /* WatchStore.swift */ = {isa = PBXFileReference; lastKnownFileType = sourcecode.swift; path = WatchStore.swift; sourceTree = "<group>"; };
		6CD1315E7BF466C7E327115A /* ContentLicensesView.swift */ = {isa = PBXFileReference; lastKnownFileType = sourcecode.swift; path = ContentLicensesView.swift; sourceTree = "<group>"; };
		6E5F628F0B9A7928DA7DA5AE /* HistoryEmptyStateUITests.swift */ = {isa = PBXFileReference; lastKnownFileType = sourcecode.swift; path = HistoryEmptyStateUITests.swift; sourceTree = "<group>"; };
		72A3CC4C76B10B674A37BC18 /* Wrathspeed.entitlements */ = {isa = PBXFileReference; lastKnownFileType = text.plist.entitlements; path = Wrathspeed.entitlements; sourceTree = "<group>"; };
		74D4ADFAE3CDB660B9C53179 /* Wrathspeed.app */ = {isa = PBXFileReference; includeInIndex = 0; lastKnownFileType = wrapper.application; path = Wrathspeed.app; sourceTree = BUILT_PRODUCTS_DIR; };
		7A47D9B99F540B98D0AFBE30 /* PlanMutationTests.swift */ = {isa = PBXFileReference; lastKnownFileType = sourcecode.swift; path = PlanMutationTests.swift; sourceTree = "<group>"; };
		7D8CB62C4441B29426DBFD20 /* LiveRunView.swift */ = {isa = PBXFileReference; lastKnownFileType = sourcecode.swift; path = LiveRunView.swift; sourceTree = "<group>"; };
		7E8377F163FF1EEAE64A2840 /* Archivo-Variable.ttf */ = {isa = PBXFileReference; lastKnownFileType = file; path = "Archivo-Variable.ttf"; sourceTree = "<group>"; };
		7F09743C5F592BD63C333F76 /* ExerciseMediaScreenshotUITests.swift */ = {isa = PBXFileReference; lastKnownFileType = sourcecode.swift; path = ExerciseMediaScreenshotUITests.swift; sourceTree = "<group>"; };
		818FAC2E07C383F4C591702E /* StrengthDetailView.swift */ = {isa = PBXFileReference; lastKnownFileType = sourcecode.swift; path = StrengthDetailView.swift; sourceTree = "<group>"; };
		83B4CFD364D565BED88102B0 /* Assets.xcassets */ = {isa = PBXFileReference; lastKnownFileType = folder.assetcatalog; path = Assets.xcassets; sourceTree = "<group>"; };
		883309AA5F44874069BA7F88 /* CoachingMVPHardeningTests.swift */ = {isa = PBXFileReference; lastKnownFileType = sourcecode.swift; path = CoachingMVPHardeningTests.swift; sourceTree = "<group>"; };
		8E1D81FBC5B76A21992B75A7 /* SessionSyncMessage.swift */ = {isa = PBXFileReference; lastKnownFileType = sourcecode.swift; path = SessionSyncMessage.swift; sourceTree = "<group>"; };
		91E19C683D7C4D990ABC4FA2 /* RootView.swift */ = {isa = PBXFileReference; lastKnownFileType = sourcecode.swift; path = RootView.swift; sourceTree = "<group>"; };
		92D8EF318C5CCFE6B6F58ABA /* PlanView.swift */ = {isa = PBXFileReference; lastKnownFileType = sourcecode.swift; path = PlanView.swift; sourceTree = "<group>"; };
		93B97D389D507E23AC2326E7 /* WorkoutLiveActivityPresenter.swift */ = {isa = PBXFileReference; lastKnownFileType = sourcecode.swift; path = WorkoutLiveActivityPresenter.swift; sourceTree = "<group>"; };
		94DFD20A1BAFBD94E33B47EC /* WorkoutPreflightView.swift */ = {isa = PBXFileReference; lastKnownFileType = sourcecode.swift; path = WorkoutPreflightView.swift; sourceTree = "<group>"; };
		959F85A1AB57F13A2062AF62 /* Assets.xcassets */ = {isa = PBXFileReference; lastKnownFileType = folder.assetcatalog; path = Assets.xcassets; sourceTree = "<group>"; };
		9998696233F4B68DDD25435E /* Info.plist */ = {isa = PBXFileReference; lastKnownFileType = text.plist; path = Info.plist; sourceTree = "<group>"; };
		9DAED163BE4A498B0C2618B9 /* HealthImportPersistenceTests.swift */ = {isa = PBXFileReference; lastKnownFileType = sourcecode.swift; path = HealthImportPersistenceTests.swift; sourceTree = "<group>"; };
		A3602198A391BDD9EEF397E2 /* WrathspeedWidgets.entitlements */ = {isa = PBXFileReference; lastKnownFileType = text.plist.entitlements; path = WrathspeedWidgets.entitlements; sourceTree = "<group>"; };
		A84A97B2BB3D926E3604B09D /* WrathspeedWatch.entitlements */ = {isa = PBXFileReference; lastKnownFileType = text.plist.entitlements; path = WrathspeedWatch.entitlements; sourceTree = "<group>"; };
		A8A9306765F167518D9C5A70 /* WrathspeedWatch.app */ = {isa = PBXFileReference; explicitFileType = wrapper.application; includeInIndex = 0; path = WrathspeedWatch.app; sourceTree = BUILT_PRODUCTS_DIR; };
		AA496765F3551500A8BAB109 /* ManagePlanView.swift */ = {isa = PBXFileReference; lastKnownFileType = sourcecode.swift; path = ManagePlanView.swift; sourceTree = "<group>"; };
		AB921F1FAAD5039EBD71AD69 /* WrathspeedWatchApp.swift */ = {isa = PBXFileReference; lastKnownFileType = sourcecode.swift; path = WrathspeedWatchApp.swift; sourceTree = "<group>"; };
		AC2693A6CBA485E0CAB4A16E /* StrengthPlayerView.swift */ = {isa = PBXFileReference; lastKnownFileType = sourcecode.swift; path = StrengthPlayerView.swift; sourceTree = "<group>"; };
		ACAF9D2CD26EBF982A6FF521 /* Anton-Regular.ttf */ = {isa = PBXFileReference; lastKnownFileType = file; path = "Anton-Regular.ttf"; sourceTree = "<group>"; };
		B02A26CA46AFDFD4AB6E4E7B /* Archivo-Variable.ttf */ = {isa = PBXFileReference; lastKnownFileType = file; path = "Archivo-Variable.ttf"; sourceTree = "<group>"; };
		B109C99D068CDA5571F02ECC /* UITestingSupport.swift */ = {isa = PBXFileReference; lastKnownFileType = sourcecode.swift; path = UITestingSupport.swift; sourceTree = "<group>"; };
		B12294A7AD8D23A013CBE728 /* WatchStartResolver.swift */ = {isa = PBXFileReference; lastKnownFileType = sourcecode.swift; path = WatchStartResolver.swift; sourceTree = "<group>"; };
		B2DF0D25B0DC354590407441 /* Info.plist */ = {isa = PBXFileReference; lastKnownFileType = text.plist; path = Info.plist; sourceTree = "<group>"; };
		B54428B37BB9AF7065D03896 /* PrivacyInfo.xcprivacy */ = {isa = PBXFileReference; path = PrivacyInfo.xcprivacy; sourceTree = "<group>"; };
		B5624E7D9E0C87082198D4F7 /* StrengthCatalogLoader.swift */ = {isa = PBXFileReference; lastKnownFileType = sourcecode.swift; path = StrengthCatalogLoader.swift; sourceTree = "<group>"; };
		B70406BC14F70DD90DDD3BBD /* Persistence.swift */ = {isa = PBXFileReference; lastKnownFileType = sourcecode.swift; path = Persistence.swift; sourceTree = "<group>"; };
		B7BF97D90EBF2D7DDF615DE4 /* HealthPermissionPrimerView.swift */ = {isa = PBXFileReference; lastKnownFileType = sourcecode.swift; path = HealthPermissionPrimerView.swift; sourceTree = "<group>"; };
		B91D30196391D4579E7FD233 /* GuidedSessionPersistenceTests.swift */ = {isa = PBXFileReference; lastKnownFileType = sourcecode.swift; path = GuidedSessionPersistenceTests.swift; sourceTree = "<group>"; };
		BD7DD725680061E437C6B105 /* HealthImportService.swift */ = {isa = PBXFileReference; lastKnownFileType = sourcecode.swift; path = HealthImportService.swift; sourceTree = "<group>"; };
		C0940BB8E279F8E390DE6BC8 /* WatchWorkoutStartupCoordinator.swift */ = {isa = PBXFileReference; lastKnownFileType = sourcecode.swift; path = WatchWorkoutStartupCoordinator.swift; sourceTree = "<group>"; };
		C15C3868B4CD63B285917AFB /* WSComponents.swift */ = {isa = PBXFileReference; lastKnownFileType = sourcecode.swift; path = WSComponents.swift; sourceTree = "<group>"; };
		C1E8C119916F881776860D7C /* WorkoutSessionCoordinator.swift */ = {isa = PBXFileReference; lastKnownFileType = sourcecode.swift; path = WorkoutSessionCoordinator.swift; sourceTree = "<group>"; };
		C3D775A70F9B51D2BE1C6F1E /* WrathspeedCore */ = {isa = PBXFileReference; lastKnownFileType = folder; name = WrathspeedCore; path = WrathspeedCore; sourceTree = SOURCE_ROOT; };
		C49FE3FC05C57B7375BEAE9F /* SessionRecoveryTests.swift */ = {isa = PBXFileReference; lastKnownFileType = sourcecode.swift; path = SessionRecoveryTests.swift; sourceTree = "<group>"; };
		C4BF4A4556588718FF9A783E /* MovementLibraryView.swift */ = {isa = PBXFileReference; lastKnownFileType = sourcecode.swift; path = MovementLibraryView.swift; sourceTree = "<group>"; };
		C9A1597742ABDA88C50324EA /* Anton-Regular.ttf */ = {isa = PBXFileReference; lastKnownFileType = file; path = "Anton-Regular.ttf"; sourceTree = "<group>"; };
		CAD3990DA838FA141746FB9D /* InstantRunView.swift */ = {isa = PBXFileReference; lastKnownFileType = sourcecode.swift; path = InstantRunView.swift; sourceTree = "<group>"; };
		CCEEA40C553246BE6668AC20 /* OnboardingView.swift */ = {isa = PBXFileReference; lastKnownFileType = sourcecode.swift; path = OnboardingView.swift; sourceTree = "<group>"; };
		CDE9728CECC60D2E0C2F71E5 /* WorkoutRouteRecorder.swift */ = {isa = PBXFileReference; lastKnownFileType = sourcecode.swift; path = WorkoutRouteRecorder.swift; sourceTree = "<group>"; };
		CF5AB36402A48762CF6E8383 /* PlanStartPreflightUITests.swift */ = {isa = PBXFileReference; lastKnownFileType = sourcecode.swift; path = PlanStartPreflightUITests.swift; sourceTree = "<group>"; };
		D03AE48A3DEECC9F2161D4BF /* CoachingCopy.swift */ = {isa = PBXFileReference; lastKnownFileType = sourcecode.swift; path = CoachingCopy.swift; sourceTree = "<group>"; };
		D06D0F6FA44533D12866252C /* WorkoutSessionController.swift */ = {isa = PBXFileReference; lastKnownFileType = sourcecode.swift; path = WorkoutSessionController.swift; sourceTree = "<group>"; };
		D4CFBF834821A2F1F2E98191 /* SettingsView.swift */ = {isa = PBXFileReference; lastKnownFileType = sourcecode.swift; path = SettingsView.swift; sourceTree = "<group>"; };
		D68DDE74F3F9C8CB706ACE82 /* NotFeeling100View.swift */ = {isa = PBXFileReference; lastKnownFileType = sourcecode.swift; path = NotFeeling100View.swift; sourceTree = "<group>"; };
		DA6BD22CACFB4E918421417D /* WorkoutResultTreadmillTests.swift */ = {isa = PBXFileReference; lastKnownFileType = sourcecode.swift; path = WorkoutResultTreadmillTests.swift; sourceTree = "<group>"; };
		DD16C6BD455D82D104CCC587 /* WCSessionBridge.swift */ = {isa = PBXFileReference; lastKnownFileType = sourcecode.swift; path = WCSessionBridge.swift; sourceTree = "<group>"; };
		DDBCD2FE6ED5AB0F7BBBEB64 /* PersistedEntities.swift */ = {isa = PBXFileReference; lastKnownFileType = sourcecode.swift; path = PersistedEntities.swift; sourceTree = "<group>"; };
		E02338D89AEFC9356EBF5B2D /* WorkoutResultRelaunchTests.swift */ = {isa = PBXFileReference; lastKnownFileType = sourcecode.swift; path = WorkoutResultRelaunchTests.swift; sourceTree = "<group>"; };
		E483C98F5D35228B28E66CCB /* CelebrationView.swift */ = {isa = PBXFileReference; lastKnownFileType = sourcecode.swift; path = CelebrationView.swift; sourceTree = "<group>"; };
		E6F2F7941085072F4B2A8C75 /* Archivo-Variable.ttf */ = {isa = PBXFileReference; lastKnownFileType = file; path = "Archivo-Variable.ttf"; sourceTree = "<group>"; };
		E92A38D8AF2A82E6B2A46348 /* MobilityCatalogLoader.swift */ = {isa = PBXFileReference; lastKnownFileType = sourcecode.swift; path = MobilityCatalogLoader.swift; sourceTree = "<group>"; };
		EC19A1E4D3A32B80A2304748 /* StrengthMediaCoverageTests.swift */ = {isa = PBXFileReference; lastKnownFileType = sourcecode.swift; path = StrengthMediaCoverageTests.swift; sourceTree = "<group>"; };
		EF6DBA5EC9F40023975C40C5 /* WorkoutReminderScheduler.swift */ = {isa = PBXFileReference; lastKnownFileType = sourcecode.swift; path = WorkoutReminderScheduler.swift; sourceTree = "<group>"; };
		F1D8C3399C62380D401F02FA /* MobilityRoutineView.swift */ = {isa = PBXFileReference; lastKnownFileType = sourcecode.swift; path = MobilityRoutineView.swift; sourceTree = "<group>"; };
		F2FC8D270CE0AC2F405E6658 /* WatchTodayView.swift */ = {isa = PBXFileReference; lastKnownFileType = sourcecode.swift; path = WatchTodayView.swift; sourceTree = "<group>"; };
		F496DF678C9371178579F128 /* WrathspeedTests.xctest */ = {isa = PBXFileReference; includeInIndex = 0; lastKnownFileType = wrapper.cfbundle; path = WrathspeedTests.xctest; sourceTree = BUILT_PRODUCTS_DIR; };
		F5D955E217DE5DC7092EED75 /* OnboardingFlowTests.swift */ = {isa = PBXFileReference; lastKnownFileType = sourcecode.swift; path = OnboardingFlowTests.swift; sourceTree = "<group>"; };
		F9F2C82776E44393CEF04BB8 /* mobility_catalog.json */ = {isa = PBXFileReference; lastKnownFileType = text.json; path = mobility_catalog.json; sourceTree = "<group>"; };
		FD7196FABE0089AB0A194C01 /* PrivacyInfo.xcprivacy */ = {isa = PBXFileReference; path = PrivacyInfo.xcprivacy; sourceTree = "<group>"; };
		FE5F45C0CD88B74614790F6D /* WorkoutResultRecordTests.swift */ = {isa = PBXFileReference; lastKnownFileType = sourcecode.swift; path = WorkoutResultRecordTests.swift; sourceTree = "<group>"; };
		FF2D8057349F1E37AC208309 /* WSFormat.swift */ = {isa = PBXFileReference; lastKnownFileType = sourcecode.swift; path = WSFormat.swift; sourceTree = "<group>"; };
/* End PBXFileReference section */

/* Begin PBXFrameworksBuildPhase section */
		B0FBDC710FEB42DED183C465 /* Frameworks */ = {
			isa = PBXFrameworksBuildPhase;
			buildActionMask = 2147483647;
			files = (
				F5E192E2351C27896E4775FC /* WrathspeedCore in Frameworks */,
			);
			runOnlyForDeploymentPostprocessing = 0;
		};
		D0FC0BB694A4E9D88D21267B /* Frameworks */ = {
			isa = PBXFrameworksBuildPhase;
			buildActionMask = 2147483647;
			files = (
				8B3795D4B54B98BF8F83A5DD /* WrathspeedCore in Frameworks */,
			);
			runOnlyForDeploymentPostprocessing = 0;
		};
/* End PBXFrameworksBuildPhase section */

/* Begin PBXGroup section */
		0C618F6C446CE6773D0C27AB /* WrathspeedWidgets */ = {
			isa = PBXGroup;
			children = (
				9998696233F4B68DDD25435E /* Info.plist */,
				A3602198A391BDD9EEF397E2 /* WrathspeedWidgets.entitlements */,
				5EAD67EF2B0C24BA3EAF5D4F /* WrathspeedWidgets.swift */,
				85634AE67DA76FFF8822B256 /* Fonts */,
			);
			path = WrathspeedWidgets;
			sourceTree = "<group>";
		};
		15C958C5EA951CD7A4C63700 /* Design */ = {
			isa = PBXGroup;
			children = (
				0FED451768F4FC33153BFD72 /* WSTheme.swift */,
			);
			path = Design;
			sourceTree = "<group>";
		};
		1847D459F192077D2D51E5E4 /* Fonts */ = {
			isa = PBXGroup;
			children = (
				ACAF9D2CD26EBF982A6FF521 /* Anton-Regular.ttf */,
				E6F2F7941085072F4B2A8C75 /* Archivo-Variable.ttf */,
			);
			path = Fonts;
			sourceTree = "<group>";
		};
		20D67C1353A6F3EA2710B390 /* WrathspeedTests */ = {
			isa = PBXGroup;
			children = (
				883309AA5F44874069BA7F88 /* CoachingMVPHardeningTests.swift */,
				B91D30196391D4579E7FD233 /* GuidedSessionPersistenceTests.swift */,
				9DAED163BE4A498B0C2618B9 /* HealthImportPersistenceTests.swift */,
				652F94F27F65A00D2B75770C /* MockWorkoutReminderScheduler.swift */,
				F5D955E217DE5DC7092EED75 /* OnboardingFlowTests.swift */,
				4753F77EEAA5BC93EE73099D /* PersistenceMigrationTests.swift */,
				7A47D9B99F540B98D0AFBE30 /* PlanMutationTests.swift */,
				C49FE3FC05C57B7375BEAE9F /* SessionRecoveryTests.swift */,
				EC19A1E4D3A32B80A2304748 /* StrengthMediaCoverageTests.swift */,
				643CF5C692C85600C0C0866D /* UITestingHarnessTests.swift */,
				0E2009D994ADC5DACCC9F7D1 /* WorkoutReminderTests.swift */,
				16BA6A73DFA699CCFD7A5F29 /* WorkoutResultMatchActionTests.swift */,
				FE5F45C0CD88B74614790F6D /* WorkoutResultRecordTests.swift */,
				E02338D89AEFC9356EBF5B2D /* WorkoutResultRelaunchTests.swift */,
				DA6BD22CACFB4E918421417D /* WorkoutResultTreadmillTests.swift */,
			);
			path = WrathspeedTests;
			sourceTree = "<group>";
		};
		21AD93E55CE0087C2915169B = {
			isa = PBXGroup;
			children = (
				15C958C5EA951CD7A4C63700 /* Design */,
				34B33B11564AFBF04C90B527 /* Packages */,
				993E3D0579125E36C70B13C8 /* Session */,
				76254A282DF67E2CD8ED4D8B /* Shared */,
				4AD3F3FDE2512B4A4C4233C4 /* Wrathspeed */,
				20D67C1353A6F3EA2710B390 /* WrathspeedTests */,
				2D8CF8A522F8F7F11C14CA20 /* WrathspeedUITests */,
				54D1766C462BCC4B62F55140 /* WrathspeedWatch */,
				0C618F6C446CE6773D0C27AB /* WrathspeedWidgets */,
				57A2B47270D325563BA3EE3C /* Products */,
			);
			sourceTree = "<group>";
		};
		2D8CF8A522F8F7F11C14CA20 /* WrathspeedUITests */ = {
			isa = PBXGroup;
			children = (
				7F09743C5F592BD63C333F76 /* ExerciseMediaScreenshotUITests.swift */,
				458B6D1DC77674D347C7ABF0 /* GuidedResumeUITests.swift */,
				6E5F628F0B9A7928DA7DA5AE /* HistoryEmptyStateUITests.swift */,
				2B35F9D93D95E6FC218E4E23 /* Milestone4UITests.swift */,
				43D4CD11C1AC4AD354D1C3B7 /* OnboardingFlowUITests.swift */,
				CF5AB36402A48762CF6E8383 /* PlanStartPreflightUITests.swift */,
				16C406BC82830CFAEAF59093 /* PreflightLiveStartUITests.swift */,
				0226C028B3AEA93CF981DCF2 /* UITestOnboardingHelper.swift */,
			);
			path = WrathspeedUITests;
			sourceTree = "<group>";
		};
		34B33B11564AFBF04C90B527 /* Packages */ = {
			isa = PBXGroup;
			children = (
				C3D775A70F9B51D2BE1C6F1E /* WrathspeedCore */,
			);
			name = Packages;
			sourceTree = "<group>";
		};
		4AD3F3FDE2512B4A4C4233C4 /* Wrathspeed */ = {
			isa = PBXGroup;
			children = (
				5E2F7A14E5CD8D4B7479ADA4 /* AppStore.swift */,
				83B4CFD364D565BED88102B0 /* Assets.xcassets */,
				E483C98F5D35228B28E66CCB /* CelebrationView.swift */,
				6CD1315E7BF466C7E327115A /* ContentLicensesView.swift */,
				4110BD3938FBEC23508A09CF /* DiagnosticsExporter.swift */,
				4FE483AC96738DD39D33167F /* GuidedSessionResultStore.swift */,
				5F9B612342ADE9FF97239E59 /* HealthImportAnchorStore.swift */,
				BD7DD725680061E437C6B105 /* HealthImportService.swift */,
				B7BF97D90EBF2D7DDF615DE4 /* HealthPermissionPrimerView.swift */,
				66E0BE933D5F6D29B309A5D8 /* HistoryView.swift */,
				2C2F88EFC2EB5D541B9AA700 /* Info.plist */,
				CAD3990DA838FA141746FB9D /* InstantRunView.swift */,
				7D8CB62C4441B29426DBFD20 /* LiveRunView.swift */,
				AA496765F3551500A8BAB109 /* ManagePlanView.swift */,
				F9F2C82776E44393CEF04BB8 /* mobility_catalog.json */,
				E92A38D8AF2A82E6B2A46348 /* MobilityCatalogLoader.swift */,
				102DF49B6572EDF69828AADC /* MobilityDetailView.swift */,
				4F758519E22C68AC3B1BB7DF /* MobilityPlayerView.swift */,
				F1D8C3399C62380D401F02FA /* MobilityRoutineView.swift */,
				C4BF4A4556588718FF9A783E /* MovementLibraryView.swift */,
				2AD364BE6D5143E6554EDFCE /* MovementMediaView.swift */,
				D68DDE74F3F9C8CB706ACE82 /* NotFeeling100View.swift */,
				CCEEA40C553246BE6668AC20 /* OnboardingView.swift */,
				DDBCD2FE6ED5AB0F7BBBEB64 /* PersistedEntities.swift */,
				B70406BC14F70DD90DDD3BBD /* Persistence.swift */,
				36B128DF18547015FD23B5C2 /* PersistenceMigration.swift */,
				1D4F3DD7BCAA6DC7D7E5350D /* PlanChangeStore.swift */,
				92D8EF318C5CCFE6B6F58ABA /* PlanView.swift */,
				FD7196FABE0089AB0A194C01 /* PrivacyInfo.xcprivacy */,
				91E19C683D7C4D990ABC4FA2 /* RootView.swift */,
				6C1EF278B0F4CE19776DCFDA /* SessionRecoveryView.swift */,
				D4CFBF834821A2F1F2E98191 /* SettingsView.swift */,
				50A5504FE777036C5125075E /* strength_catalog.json */,
				B5624E7D9E0C87082198D4F7 /* StrengthCatalogLoader.swift */,
				818FAC2E07C383F4C591702E /* StrengthDetailView.swift */,
				AC2693A6CBA485E0CAB4A16E /* StrengthPlayerView.swift */,
				065AFE97EBE1A9AFFEE14C20 /* TodayView.swift */,
				5B3442BE6DF9F90A9C582286 /* TreadmillDistanceSheet.swift */,
				B109C99D068CDA5571F02ECC /* UITestingSupport.swift */,
				623774FFF1E871E49DE1774E /* WeeklyCalendarView.swift */,
				94DFD20A1BAFBD94E33B47EC /* WorkoutPreflightView.swift */,
				EF6DBA5EC9F40023975C40C5 /* WorkoutReminderScheduler.swift */,
				72A3CC4C76B10B674A37BC18 /* Wrathspeed.entitlements */,
				15F4FC0EBEE89139D8A8C61D /* WrathspeedApp.swift */,
				1847D459F192077D2D51E5E4 /* Fonts */,
				4D8E3AF3F0E99F5F30FA5668 /* Theme */,
			);
			path = Wrathspeed;
			sourceTree = "<group>";
		};
		4D8E3AF3F0E99F5F30FA5668 /* Theme */ = {
			isa = PBXGroup;
			children = (
				D03AE48A3DEECC9F2161D4BF /* CoachingCopy.swift */,
				C15C3868B4CD63B285917AFB /* WSComponents.swift */,
				FF2D8057349F1E37AC208309 /* WSFormat.swift */,
			);
			path = Theme;
			sourceTree = "<group>";
		};
		54D1766C462BCC4B62F55140 /* WrathspeedWatch */ = {
			isa = PBXGroup;
			children = (
				959F85A1AB57F13A2062AF62 /* Assets.xcassets */,
				B2DF0D25B0DC354590407441 /* Info.plist */,
				6B0EE754EE4AD6718482106B /* PaceBandStatus+Watch.swift */,
				B54428B37BB9AF7065D03896 /* PrivacyInfo.xcprivacy */,
				F2FC8D270CE0AC2F405E6658 /* WatchTodayView.swift */,
				A84A97B2BB3D926E3604B09D /* WrathspeedWatch.entitlements */,
				AB921F1FAAD5039EBD71AD69 /* WrathspeedWatchApp.swift */,
				8A32BCD67F6EDFFF72AFEDE7 /* Fonts */,
			);
			path = WrathspeedWatch;
			sourceTree = "<group>";
		};
		57A2B47270D325563BA3EE3C /* Products */ = {
			isa = PBXGroup;
			children = (
				74D4ADFAE3CDB660B9C53179 /* Wrathspeed.app */,
				F496DF678C9371178579F128 /* WrathspeedTests.xctest */,
				6259BB5F724E4BB2BC498533 /* WrathspeedUITests.xctest */,
				A8A9306765F167518D9C5A70 /* WrathspeedWatch.app */,
				204CDE73903492B877A70262 /* WrathspeedWidgets.appex */,
			);
			name = Products;
			sourceTree = "<group>";
		};
		76254A282DF67E2CD8ED4D8B /* Shared */ = {
			isa = PBXGroup;
			children = (
				6B6EE3BB8CB85959A4A0878C /* WorkoutActivityAttributes.swift */,
			);
			path = Shared;
			sourceTree = "<group>";
		};
		85634AE67DA76FFF8822B256 /* Fonts */ = {
			isa = PBXGroup;
			children = (
				418BE3FDC48040B95EB6D597 /* Anton-Regular.ttf */,
				B02A26CA46AFDFD4AB6E4E7B /* Archivo-Variable.ttf */,
			);
			path = Fonts;
			sourceTree = "<group>";
		};
		8A32BCD67F6EDFFF72AFEDE7 /* Fonts */ = {
			isa = PBXGroup;
			children = (
				C9A1597742ABDA88C50324EA /* Anton-Regular.ttf */,
				7E8377F163FF1EEAE64A2840 /* Archivo-Variable.ttf */,
			);
			path = Fonts;
			sourceTree = "<group>";
		};
		993E3D0579125E36C70B13C8 /* Session */ = {
			isa = PBXGroup;
			children = (
				8E1D81FBC5B76A21992B75A7 /* SessionSyncMessage.swift */,
				3A4235A006157B1E50F19552 /* SpeechCuePlayer.swift */,
				B12294A7AD8D23A013CBE728 /* WatchStartResolver.swift */,
				6C83236791022F5208F5DC89 /* WatchStore.swift */,
				C0940BB8E279F8E390DE6BC8 /* WatchWorkoutStartupCoordinator.swift */,
				DD16C6BD455D82D104CCC587 /* WCSessionBridge.swift */,
				93B97D389D507E23AC2326E7 /* WorkoutLiveActivityPresenter.swift */,
				CDE9728CECC60D2E0C2F71E5 /* WorkoutRouteRecorder.swift */,
				D06D0F6FA44533D12866252C /* WorkoutSessionController.swift */,
				C1E8C119916F881776860D7C /* WorkoutSessionCoordinator.swift */,
			);
			path = Session;
			sourceTree = "<group>";
		};
/* End PBXGroup section */

/* Begin PBXNativeTarget section */
		0126CB372B9DD7367D8DBBCA /* WrathspeedWatch */ = {
			isa = PBXNativeTarget;
			buildConfigurationList = 3E23F820EF4E2917ED6EC7F8 /* Build configuration list for PBXNativeTarget "WrathspeedWatch" */;
			buildPhases = (
				8B444A168E7A212DF37875F8 /* Sources */,
				DC1928E39E1F81529C9D1CC0 /* Resources */,
				B0FBDC710FEB42DED183C465 /* Frameworks */,
			);
			buildRules = (
			);
			dependencies = (
			);
			name = WrathspeedWatch;
			packageProductDependencies = (
				D4C95B978193A33B7CFAED9E /* WrathspeedCore */,
			);
			productName = WrathspeedWatch;
			productReference = A8A9306765F167518D9C5A70 /* WrathspeedWatch.app */;
			productType = "com.apple.product-type.application";
		};
		237C48BB19F31E39DA1697EB /* Wrathspeed */ = {
			isa = PBXNativeTarget;
			buildConfigurationList = 60DBC3BA5FD4655F316D572B /* Build configuration list for PBXNativeTarget "Wrathspeed" */;
			buildPhases = (
				D20F8AB81DCA0C20184CFE6E /* Sources */,
				BEDC58008EB8A54C401D9F54 /* Resources */,
				D0FC0BB694A4E9D88D21267B /* Frameworks */,
				D013E34998C15B7F85FD6EB2 /* Embed Foundation Extensions */,
				5247E7A4403348860079F3DE /* Embed Watch Content */,
			);
			buildRules = (
			);
			dependencies = (
				BDCF64A4645A7B235BC65561 /* PBXTargetDependency */,
				434A6818E76B7C68729D4B66 /* PBXTargetDependency */,
			);
			name = Wrathspeed;
			packageProductDependencies = (
				33AE900BF55746D394E8E507 /* WrathspeedCore */,
			);
			productName = Wrathspeed;
			productReference = 74D4ADFAE3CDB660B9C53179 /* Wrathspeed.app */;
			productType = "com.apple.product-type.application";
		};
		6875D54BBF5A89532BB6B62D /* WrathspeedWidgets */ = {
			isa = PBXNativeTarget;
			buildConfigurationList = BBF777EFE45D7B88B082CD3F /* Build configuration list for PBXNativeTarget "WrathspeedWidgets" */;
			buildPhases = (
				9ADD5682B0BBA41824E0BE7A /* Sources */,
				7EF0471994A17942D8D38E2F /* Resources */,
			);
			buildRules = (
			);
			dependencies = (
			);
			name = WrathspeedWidgets;
			packageProductDependencies = (
			);
			productName = WrathspeedWidgets;
			productReference = 204CDE73903492B877A70262 /* WrathspeedWidgets.appex */;
			productType = "com.apple.product-type.app-extension";
		};
		71DBD101872C847E5E2AB066 /* WrathspeedUITests */ = {
			isa = PBXNativeTarget;
			buildConfigurationList = 786C82E158F4AEA6EE79A211 /* Build configuration list for PBXNativeTarget "WrathspeedUITests" */;
			buildPhases = (
				2B6E40325D089D1CCCACB8AD /* Sources */,
			);
			buildRules = (
			);
			dependencies = (
				0BD3595086EE3A94772426E2 /* PBXTargetDependency */,
			);
			name = WrathspeedUITests;
			packageProductDependencies = (
			);
			productName = WrathspeedUITests;
			productReference = 6259BB5F724E4BB2BC498533 /* WrathspeedUITests.xctest */;
			productType = "com.apple.product-type.bundle.ui-testing";
		};
		DC0458F9A6C1853DD4AADBF3 /* WrathspeedTests */ = {
			isa = PBXNativeTarget;
			buildConfigurationList = 5BBD3F6873F3D8730938A826 /* Build configuration list for PBXNativeTarget "WrathspeedTests" */;
			buildPhases = (
				B4FE3F8BEA1F41018C29A80D /* Sources */,
			);
			buildRules = (
			);
			dependencies = (
				855B2E82035C62B5D698B3A6 /* PBXTargetDependency */,
			);
			name = WrathspeedTests;
			packageProductDependencies = (
			);
			productName = WrathspeedTests;
			productReference = F496DF678C9371178579F128 /* WrathspeedTests.xctest */;
			productType = "com.apple.product-type.bundle.unit-test";
		};
/* End PBXNativeTarget section */

/* Begin PBXProject section */
		0FBF55B50238D04F4CAEB657 /* Project object */ = {
			isa = PBXProject;
			attributes = {
				BuildIndependentTargetsInParallel = YES;
				LastUpgradeCheck = 2600;
				TargetAttributes = {
					0126CB372B9DD7367D8DBBCA = {
						ProvisioningStyle = Automatic;
					};
					237C48BB19F31E39DA1697EB = {
						DevelopmentTeam = XJ3KNK4F29;
						ProvisioningStyle = Automatic;
					};
					6875D54BBF5A89532BB6B62D = {
						ProvisioningStyle = Automatic;
					};
					71DBD101872C847E5E2AB066 = {
						ProvisioningStyle = Automatic;
						TestTargetID = 237C48BB19F31E39DA1697EB;
					};
					DC0458F9A6C1853DD4AADBF3 = {
						ProvisioningStyle = Automatic;
					};
				};
			};
			buildConfigurationList = 74B1362F1E50C1E42C8C0B86 /* Build configuration list for PBXProject "Wrathspeed" */;
			compatibilityVersion = "Xcode 14.0";
			developmentRegion = en;
			hasScannedForEncodings = 0;
			knownRegions = (
				Base,
				en,
			);
			mainGroup = 21AD93E55CE0087C2915169B;
			minimizedProjectReferenceProxies = 1;
			packageReferences = (
				EBD45B11AAEED50B97D2F0C8 /* XCLocalSwiftPackageReference "WrathspeedCore" */,
			);
			preferredProjectObjectVersion = 77;
			projectDirPath = "";
			projectRoot = "";
			targets = (
				237C48BB19F31E39DA1697EB /* Wrathspeed */,
				DC0458F9A6C1853DD4AADBF3 /* WrathspeedTests */,
				71DBD101872C847E5E2AB066 /* WrathspeedUITests */,
				0126CB372B9DD7367D8DBBCA /* WrathspeedWatch */,
				6875D54BBF5A89532BB6B62D /* WrathspeedWidgets */,
			);
		};
/* End PBXProject section */

/* Begin PBXResourcesBuildPhase section */
		7EF0471994A17942D8D38E2F /* Resources */ = {
			isa = PBXResourcesBuildPhase;
			buildActionMask = 2147483647;
			files = (
				46D939B4D95BE0DB23B11C1C /* Anton-Regular.ttf in Resources */,
				95A677621DD67D00C1E86AA5 /* Archivo-Variable.ttf in Resources */,
			);
			runOnlyForDeploymentPostprocessing = 0;
		};
		BEDC58008EB8A54C401D9F54 /* Resources */ = {
			isa = PBXResourcesBuildPhase;
			buildActionMask = 2147483647;
			files = (
				303E7770CCB71075E7BDB175 /* Anton-Regular.ttf in Resources */,
				5556FA81D699935F03C32F92 /* Archivo-Variable.ttf in Resources */,
				138F26696BE9235FEB46397B /* Assets.xcassets in Resources */,
				C3F10E2CA0F7A4A56925CFA7 /* PrivacyInfo.xcprivacy in Resources */,
				3CC57FEA3020E17C575F5168 /* mobility_catalog.json in Resources */,
				3400C63FB6538DF0B2DC8C79 /* strength_catalog.json in Resources */,
			);
			runOnlyForDeploymentPostprocessing = 0;
		};
		DC1928E39E1F81529C9D1CC0 /* Resources */ = {
			isa = PBXResourcesBuildPhase;
			buildActionMask = 2147483647;
			files = (
				A22368527F75EF25E43DFE94 /* Anton-Regular.ttf in Resources */,
				96987FC1BA1FFB5594E6EB0F /* Archivo-Variable.ttf in Resources */,
				85D23F74512F143A71B5E0B3 /* Assets.xcassets in Resources */,
				9A57448FED50E18F7D79E249 /* PrivacyInfo.xcprivacy in Resources */,
			);
			runOnlyForDeploymentPostprocessing = 0;
		};
/* End PBXResourcesBuildPhase section */

/* Begin PBXSourcesBuildPhase section */
		2B6E40325D089D1CCCACB8AD /* Sources */ = {
			isa = PBXSourcesBuildPhase;
			buildActionMask = 2147483647;
			files = (
				7A259D89083C1E7289D8FEDA /* ExerciseMediaScreenshotUITests.swift in Sources */,
				837A08A89525E4FD9859C4F5 /* GuidedResumeUITests.swift in Sources */,
				61AD272462383EA658C16D71 /* HistoryEmptyStateUITests.swift in Sources */,
				75E07B2861F6C64B59F12907 /* Milestone4UITests.swift in Sources */,
				D907B338CB33E3147C77B2FB /* OnboardingFlowUITests.swift in Sources */,
				29A8948FA9694CB749505CF7 /* PlanStartPreflightUITests.swift in Sources */,
				7EC60BAAACE48C992A0F0857 /* PreflightLiveStartUITests.swift in Sources */,
				D65FDBEDBA00C604B4BCE703 /* UITestOnboardingHelper.swift in Sources */,
			);
			runOnlyForDeploymentPostprocessing = 0;
		};
		8B444A168E7A212DF37875F8 /* Sources */ = {
			isa = PBXSourcesBuildPhase;
			buildActionMask = 2147483647;
			files = (
				7D66773A176F4515752D8828 /* PaceBandStatus+Watch.swift in Sources */,
				8BF2323C62BB034AAF05DF5E /* SessionSyncMessage.swift in Sources */,
				0098A0A8159A09D4F76F3FBA /* SpeechCuePlayer.swift in Sources */,
				DD852E812D1561D365BB21FA /* WCSessionBridge.swift in Sources */,
				98B8C197F0F4356B42DAADCC /* WSTheme.swift in Sources */,
				E4DA07A801DCFBBC4F5EB632 /* WatchStartResolver.swift in Sources */,
				24105199DEDA07152FA63896 /* WatchStore.swift in Sources */,
				CCEBBB65B933B63197D31E0D /* WatchTodayView.swift in Sources */,
				34098963E6B7970486DA1B2C /* WatchWorkoutStartupCoordinator.swift in Sources */,
				0A5EDF0A3FE5D15B62110B95 /* WorkoutLiveActivityPresenter.swift in Sources */,
				2E5B3775E77AAEFC7216EF85 /* WorkoutRouteRecorder.swift in Sources */,
				12A002EF37E40F0F26B67708 /* WorkoutSessionController.swift in Sources */,
				27FB4D2E4EE3ED64794B4F6B /* WorkoutSessionCoordinator.swift in Sources */,
				BF7B7D4590471BA709DB9BAD /* WrathspeedWatchApp.swift in Sources */,
			);
			runOnlyForDeploymentPostprocessing = 0;
		};
		9ADD5682B0BBA41824E0BE7A /* Sources */ = {
			isa = PBXSourcesBuildPhase;
			buildActionMask = 2147483647;
			files = (
				A87C0CAA1BD1309D797E025E /* WSTheme.swift in Sources */,
				BE3DC257EA2AC519FE168C15 /* WorkoutActivityAttributes.swift in Sources */,
				26BBAA1750C8B78057950701 /* WrathspeedWidgets.swift in Sources */,
			);
			runOnlyForDeploymentPostprocessing = 0;
		};
		B4FE3F8BEA1F41018C29A80D /* Sources */ = {
			isa = PBXSourcesBuildPhase;
			buildActionMask = 2147483647;
			files = (
				9BEE3DCDF0014F0E3BB6DD6E /* CoachingMVPHardeningTests.swift in Sources */,
				A4444553BCAAC35AB37FA673 /* GuidedSessionPersistenceTests.swift in Sources */,
				9E6C3C58A33CAF7EDB5138DB /* HealthImportPersistenceTests.swift in Sources */,
				EBD1A6E1491FF628060B1971 /* MockWorkoutReminderScheduler.swift in Sources */,
				35057545D76FE3DA5D2A1B62 /* OnboardingFlowTests.swift in Sources */,
				CEBC7D2957268FB10456BF06 /* PersistenceMigrationTests.swift in Sources */,
				CFCA2597B2606BCEFF0E00D6 /* PlanMutationTests.swift in Sources */,
				5B005FDC0F626F9936D5FA74 /* SessionRecoveryTests.swift in Sources */,
				AC92B4BF12CD54FF75AE5273 /* StrengthMediaCoverageTests.swift in Sources */,
				42B22ADF46231E1A73A44ACA /* UITestingHarnessTests.swift in Sources */,
				6D1E826E8B9EC666BE7D1D5C /* WorkoutReminderTests.swift in Sources */,
				C5C3B436CDF986130BAD38C3 /* WorkoutResultMatchActionTests.swift in Sources */,
				BCFE818563C3592790D2F8BF /* WorkoutResultRecordTests.swift in Sources */,
				127462E89A21FB7EFBB43AA3 /* WorkoutResultRelaunchTests.swift in Sources */,
				936115BBAA2420FF91EDF8E2 /* WorkoutResultTreadmillTests.swift in Sources */,
			);
			runOnlyForDeploymentPostprocessing = 0;
		};
		D20F8AB81DCA0C20184CFE6E /* Sources */ = {
			isa = PBXSourcesBuildPhase;
			buildActionMask = 2147483647;
			files = (
				DCAF343F6CDADC31271161B6 /* AppStore.swift in Sources */,
				D038CD05914FE2DDB7A1D5B8 /* CelebrationView.swift in Sources */,
				9B57117D5E67B55CB4B8F560 /* CoachingCopy.swift in Sources */,
				F69EA4092FDB553EB0491A3B /* ContentLicensesView.swift in Sources */,
				174E00938B40C4F9D4052674 /* DiagnosticsExporter.swift in Sources */,
				630F26760D8B32B93C467EF4 /* GuidedSessionResultStore.swift in Sources */,
				B80CDD50E12330F96C9FA043 /* HealthImportAnchorStore.swift in Sources */,
				16583A59E8DED8D348D6C0D3 /* HealthImportService.swift in Sources */,
				B82B586796C7106F20987146 /* HealthPermissionPrimerView.swift in Sources */,
				34513DBB32E5BF6C3636E34C /* HistoryView.swift in Sources */,
				AB22AFE5879E6C8C7E860F53 /* InstantRunView.swift in Sources */,
				385B2A81801F47910BF0E06D /* LiveRunView.swift in Sources */,
				46B76C9B513F1C547A28476C /* ManagePlanView.swift in Sources */,
				D2EA131B8B52496C2577FAB2 /* MobilityCatalogLoader.swift in Sources */,
				7A57E157111123CE544627C3 /* MobilityDetailView.swift in Sources */,
				F125944CE3894485C7D5D203 /* MobilityPlayerView.swift in Sources */,
				7D9CE296E5BC5BDFF357DF5C /* MobilityRoutineView.swift in Sources */,
				556A60ABC61F61595652376D /* MovementLibraryView.swift in Sources */,
				093EA28BDDC5C3216DA39841 /* MovementMediaView.swift in Sources */,
				30E9A3671D9420EB2EA75674 /* NotFeeling100View.swift in Sources */,
				7040DC7A8C02EEEF45227D0F /* OnboardingView.swift in Sources */,
				691401C0B8507A8CF70B2241 /* PersistedEntities.swift in Sources */,
				08409A21FF51BA98DF27603F /* Persistence.swift in Sources */,
				5D96CACCCDC375A0D899A3A2 /* PersistenceMigration.swift in Sources */,
				CCCE7740CDFA9F2F39DF223A /* PlanChangeStore.swift in Sources */,
				9853F0A8A996720767E6BEE1 /* PlanView.swift in Sources */,
				9A909F6A29B02E45418643B4 /* RootView.swift in Sources */,
				599682F4FB24ADD240653999 /* SessionRecoveryView.swift in Sources */,
				2295D09DA4B9A08AC38705E8 /* SessionSyncMessage.swift in Sources */,
				EE5AC9B48E19C5C56977383D /* SettingsView.swift in Sources */,
				2F1364AFE26CA9375735A694 /* SpeechCuePlayer.swift in Sources */,
				C5ABE30016A04262D243ADA9 /* StrengthCatalogLoader.swift in Sources */,
				23832CC9857DA2E25B6CE345 /* StrengthDetailView.swift in Sources */,
				1D610A28057F2C45E39A3200 /* StrengthPlayerView.swift in Sources */,
				C6F5EA8D16FF6B78EC7338B5 /* TodayView.swift in Sources */,
				19DD501CE963E0330FE36085 /* TreadmillDistanceSheet.swift in Sources */,
				605509E7B1013D6B37BB7150 /* UITestingSupport.swift in Sources */,
				0F021B1C195AE56DF61087DF /* WCSessionBridge.swift in Sources */,
				4CE2F27B00D079671AFC6E3B /* WSComponents.swift in Sources */,
				CFC8C89C1396CD14C3FDC1D7 /* WSFormat.swift in Sources */,
				5674EA7501E0D1ACB1B57B34 /* WSTheme.swift in Sources */,
				991C5E1FE8470358DC6DD1A4 /* WatchStartResolver.swift in Sources */,
				35B9374EC17463BF8DEB33BA /* WatchStore.swift in Sources */,
				0963693DD96740FD23A5D825 /* WatchWorkoutStartupCoordinator.swift in Sources */,
				54C2D20468188657C73AE520 /* WeeklyCalendarView.swift in Sources */,
				13F239F140195D7F95446699 /* WorkoutActivityAttributes.swift in Sources */,
				CE1B5220BB24B4351D560354 /* WorkoutLiveActivityPresenter.swift in Sources */,
				D3F25A0FFAE6C37D724AE434 /* WorkoutPreflightView.swift in Sources */,
				A7A0A756ACFEB658F00F3F47 /* WorkoutReminderScheduler.swift in Sources */,
				39DC7827A28AC1C7A31A77BD /* WorkoutRouteRecorder.swift in Sources */,
				58D3E009B40C2F83CDB436C4 /* WorkoutSessionController.swift in Sources */,
				FA6FF25A3D8C63BEA813A02B /* WorkoutSessionCoordinator.swift in Sources */,
				35A9D38A9CFD8F627089813F /* WrathspeedApp.swift in Sources */,
			);
			runOnlyForDeploymentPostprocessing = 0;
		};
/* End PBXSourcesBuildPhase section */

/* Begin PBXTargetDependency section */
		0BD3595086EE3A94772426E2 /* PBXTargetDependency */ = {
			isa = PBXTargetDependency;
			target = 237C48BB19F31E39DA1697EB /* Wrathspeed */;
			targetProxy = 698F07A7BDCFB767F7E9210D /* PBXContainerItemProxy */;
		};
		434A6818E76B7C68729D4B66 /* PBXTargetDependency */ = {
			isa = PBXTargetDependency;
			target = 6875D54BBF5A89532BB6B62D /* WrathspeedWidgets */;
			targetProxy = 4851AFA6B3AAA4A169A07498 /* PBXContainerItemProxy */;
		};
		855B2E82035C62B5D698B3A6 /* PBXTargetDependency */ = {
			isa = PBXTargetDependency;
			target = 237C48BB19F31E39DA1697EB /* Wrathspeed */;
			targetProxy = D72F60213F48F37CCEDCA337 /* PBXContainerItemProxy */;
		};
		BDCF64A4645A7B235BC65561 /* PBXTargetDependency */ = {
			isa = PBXTargetDependency;
			target = 0126CB372B9DD7367D8DBBCA /* WrathspeedWatch */;
			targetProxy = 673E67380F73EBA38449A51E /* PBXContainerItemProxy */;
		};
/* End PBXTargetDependency section */

/* Begin XCBuildConfiguration section */
		071B01F118950A6710AF1D3A /* Release */ = {
			isa = XCBuildConfiguration;
			buildSettings = {
				ASSETCATALOG_COMPILER_APPICON_NAME = AppIcon;
				CODE_SIGN_ENTITLEMENTS = WrathspeedWatch/WrathspeedWatch.entitlements;
				INFOPLIST_FILE = WrathspeedWatch/Info.plist;
				INFOPLIST_KEY_CFBundleDisplayName = Wrathspeed;
				INFOPLIST_KEY_NSHealthShareUsageDescription = "Wrathspeed reads heart rate and workout data to coach your runs.";
				INFOPLIST_KEY_NSHealthUpdateUsageDescription = "Wrathspeed saves completed runs and strength sessions to Apple Health.";
				INFOPLIST_KEY_NSLocationWhenInUseUsageDescription = "Wrathspeed uses your location to track outdoor runs.";
				INFOPLIST_KEY_WKCompanionAppBundleIdentifier = com.wrathspeed.app;
				PRODUCT_BUNDLE_IDENTIFIER = com.wrathspeed.app.watchkitapp;
				PRODUCT_NAME = "Wrathspeed Watch";
				SDKROOT = watchos;
				SKIP_INSTALL = YES;
				TARGETED_DEVICE_FAMILY = 4;
			};
			name = Release;
		};
		08CE4E82F743C1B0B2F93110 /* Release */ = {
			isa = XCBuildConfiguration;
			buildSettings = {
				CODE_SIGN_ENTITLEMENTS = WrathspeedWidgets/WrathspeedWidgets.entitlements;
				INFOPLIST_FILE = WrathspeedWidgets/Info.plist;
				LD_RUNPATH_SEARCH_PATHS = (
					"$(inherited)",
					"@executable_path/Frameworks",
					"@executable_path/../../Frameworks",
				);
				PRODUCT_BUNDLE_IDENTIFIER = com.wrathspeed.app.widgets;
				PRODUCT_NAME = WrathspeedWidgets;
				SDKROOT = iphoneos;
				SKIP_INSTALL = YES;
				TARGETED_DEVICE_FAMILY = 1;
			};
			name = Release;
		};
		131502CE3ADE86F4B39A665D /* Release */ = {
			isa = XCBuildConfiguration;
			buildSettings = {
				BUNDLE_LOADER = "$(TEST_HOST)";
				LD_RUNPATH_SEARCH_PATHS = (
					"$(inherited)",
					"@executable_path/Frameworks",
					"@loader_path/Frameworks",
				);
				PRODUCT_BUNDLE_IDENTIFIER = com.wrathspeed.app.tests;
				SDKROOT = iphoneos;
				TARGETED_DEVICE_FAMILY = "1,2";
				TEST_HOST = "$(BUILT_PRODUCTS_DIR)/Wrathspeed.app/Wrathspeed";
			};
			name = Release;
		};
		55B27014E7A710A95D905882 /* Debug */ = {
			isa = XCBuildConfiguration;
			buildSettings = {
				BUNDLE_LOADER = "$(TEST_HOST)";
				LD_RUNPATH_SEARCH_PATHS = (
					"$(inherited)",
					"@executable_path/Frameworks",
					"@loader_path/Frameworks",
				);
				PRODUCT_BUNDLE_IDENTIFIER = com.wrathspeed.app.tests;
				SDKROOT = iphoneos;
				TARGETED_DEVICE_FAMILY = "1,2";
				TEST_HOST = "$(BUILT_PRODUCTS_DIR)/Wrathspeed.app/Wrathspeed";
			};
			name = Debug;
		};
		66A7CAC692655E6594AF24A2 /* Release */ = {
			isa = XCBuildConfiguration;
			buildSettings = {
				BUNDLE_LOADER = "$(TEST_HOST)";
				LD_RUNPATH_SEARCH_PATHS = (
					"$(inherited)",
					"@executable_path/Frameworks",
					"@loader_path/Frameworks",
				);
				PRODUCT_BUNDLE_IDENTIFIER = com.wrathspeed.app.uitests;
				SDKROOT = iphoneos;
				TARGETED_DEVICE_FAMILY = "1,2";
				TEST_TARGET_NAME = Wrathspeed;
			};
			name = Release;
		};
		6E48141E732B4B75FBEF0413 /* Debug */ = {
			isa = XCBuildConfiguration;
			buildSettings = {
				BUNDLE_LOADER = "$(TEST_HOST)";
				LD_RUNPATH_SEARCH_PATHS = (
					"$(inherited)",
					"@executable_path/Frameworks",
					"@loader_path/Frameworks",
				);
				PRODUCT_BUNDLE_IDENTIFIER = com.wrathspeed.app.uitests;
				SDKROOT = iphoneos;
				TARGETED_DEVICE_FAMILY = "1,2";
				TEST_TARGET_NAME = Wrathspeed;
			};
			name = Debug;
		};
		8B37899C0EEF89900488BC31 /* Debug */ = {
			isa = XCBuildConfiguration;
			buildSettings = {
				ASSETCATALOG_COMPILER_APPICON_NAME = AppIcon;
				CODE_SIGN_ENTITLEMENTS = Wrathspeed/Wrathspeed.entitlements;
				CODE_SIGN_IDENTITY = "iPhone Developer";
				DEVELOPMENT_TEAM = XJ3KNK4F29;
				INFOPLIST_FILE = Wrathspeed/Info.plist;
				INFOPLIST_KEY_CFBundleDisplayName = Wrathspeed;
				INFOPLIST_KEY_NSHealthShareUsageDescription = "Wrathspeed reads heart rate and workout data to coach your runs.";
				INFOPLIST_KEY_NSHealthUpdateUsageDescription = "Wrathspeed saves completed runs and strength sessions to Apple Health.";
				INFOPLIST_KEY_NSLocationAlwaysAndWhenInUseUsageDescription = "Wrathspeed records your outdoor route while a workout is active, including when the screen is locked.";
				INFOPLIST_KEY_NSLocationWhenInUseUsageDescription = "Wrathspeed uses your location to track outdoor runs.";
				INFOPLIST_KEY_NSSupportsLiveActivities = YES;
				INFOPLIST_KEY_NSUserNotificationsUsageDescription = "Wrathspeed can remind you before a scheduled run when you enable a workout reminder.";
				INFOPLIST_KEY_UILaunchScreen_Generation = YES;
				INFOPLIST_KEY_UISupportedInterfaceOrientations = UIInterfaceOrientationPortrait;
				LD_RUNPATH_SEARCH_PATHS = (
					"$(inherited)",
					"@executable_path/Frameworks",
				);
				PRODUCT_BUNDLE_IDENTIFIER = com.wrathspeed.app;
				PRODUCT_NAME = Wrathspeed;
				SDKROOT = iphoneos;
				TARGETED_DEVICE_FAMILY = 1;
			};
			name = Debug;
		};
		8CC8DC13F305A3D50E3B01C4 /* Release */ = {
			isa = XCBuildConfiguration;
			buildSettings = {
				ASSETCATALOG_COMPILER_APPICON_NAME = AppIcon;
				CODE_SIGN_ENTITLEMENTS = Wrathspeed/Wrathspeed.entitlements;
				CODE_SIGN_IDENTITY = "iPhone Developer";
				DEVELOPMENT_TEAM = XJ3KNK4F29;
				INFOPLIST_FILE = Wrathspeed/Info.plist;
				INFOPLIST_KEY_CFBundleDisplayName = Wrathspeed;
				INFOPLIST_KEY_NSHealthShareUsageDescription = "Wrathspeed reads heart rate and workout data to coach your runs.";
				INFOPLIST_KEY_NSHealthUpdateUsageDescription = "Wrathspeed saves completed runs and strength sessions to Apple Health.";
				INFOPLIST_KEY_NSLocationAlwaysAndWhenInUseUsageDescription = "Wrathspeed records your outdoor route while a workout is active, including when the screen is locked.";
				INFOPLIST_KEY_NSLocationWhenInUseUsageDescription = "Wrathspeed uses your location to track outdoor runs.";
				INFOPLIST_KEY_NSSupportsLiveActivities = YES;
				INFOPLIST_KEY_NSUserNotificationsUsageDescription = "Wrathspeed can remind you before a scheduled run when you enable a workout reminder.";
				INFOPLIST_KEY_UILaunchScreen_Generation = YES;
				INFOPLIST_KEY_UISupportedInterfaceOrientations = UIInterfaceOrientationPortrait;
				LD_RUNPATH_SEARCH_PATHS = (
					"$(inherited)",
					"@executable_path/Frameworks",
				);
				PRODUCT_BUNDLE_IDENTIFIER = com.wrathspeed.app;
				PRODUCT_NAME = Wrathspeed;
				SDKROOT = iphoneos;
				TARGETED_DEVICE_FAMILY = 1;
			};
			name = Release;
		};
		902E272858DAED6B3661ED4E /* Debug */ = {
			isa = XCBuildConfiguration;
			buildSettings = {
				ALWAYS_SEARCH_USER_PATHS = NO;
				CLANG_ANALYZER_NONNULL = YES;
				CLANG_ANALYZER_NUMBER_OBJECT_CONVERSION = YES_AGGRESSIVE;
				CLANG_CXX_LANGUAGE_STANDARD = "gnu++14";
				CLANG_CXX_LIBRARY = "libc++";
				CLANG_ENABLE_MODULES = YES;
				CLANG_ENABLE_OBJC_ARC = YES;
				CLANG_ENABLE_OBJC_WEAK = YES;
				CLANG_WARN_BLOCK_CAPTURE_AUTORELEASING = YES;
				CLANG_WARN_BOOL_CONVERSION = YES;
				CLANG_WARN_COMMA = YES;
				CLANG_WARN_CONSTANT_CONVERSION = YES;
				CLANG_WARN_DEPRECATED_OBJC_IMPLEMENTATIONS = YES;
				CLANG_WARN_DIRECT_OBJC_ISA_USAGE = YES_ERROR;
				CLANG_WARN_DOCUMENTATION_COMMENTS = YES;
				CLANG_WARN_EMPTY_BODY = YES;
				CLANG_WARN_ENUM_CONVERSION = YES;
				CLANG_WARN_INFINITE_RECURSION = YES;
				CLANG_WARN_INT_CONVERSION = YES;
				CLANG_WARN_NON_LITERAL_NULL_CONVERSION = YES;
				CLANG_WARN_OBJC_IMPLICIT_RETAIN_SELF = YES;
				CLANG_WARN_OBJC_LITERAL_CONVERSION = YES;
				CLANG_WARN_OBJC_ROOT_CLASS = YES_ERROR;
				CLANG_WARN_QUOTED_INCLUDE_IN_FRAMEWORK_HEADER = YES;
				CLANG_WARN_RANGE_LOOP_ANALYSIS = YES;
				CLANG_WARN_STRICT_PROTOTYPES = YES;
				CLANG_WARN_SUSPICIOUS_MOVE = YES;
				CLANG_WARN_UNGUARDED_AVAILABILITY = YES_AGGRESSIVE;
				CLANG_WARN_UNREACHABLE_CODE = YES;
				CLANG_WARN__DUPLICATE_METHOD_MATCH = YES;
				CODE_SIGN_STYLE = Automatic;
				COPY_PHASE_STRIP = NO;
				CURRENT_PROJECT_VERSION = 1;
				DEBUG_INFORMATION_FORMAT = dwarf;
				ENABLE_STRICT_OBJC_MSGSEND = YES;
				ENABLE_TESTABILITY = YES;
				GCC_C_LANGUAGE_STANDARD = gnu11;
				GCC_DYNAMIC_NO_PIC = NO;
				GCC_NO_COMMON_BLOCKS = YES;
				GCC_OPTIMIZATION_LEVEL = 0;
				GCC_PREPROCESSOR_DEFINITIONS = (
					"$(inherited)",
					"DEBUG=1",
				);
				GCC_WARN_64_TO_32_BIT_CONVERSION = YES;
				GCC_WARN_ABOUT_RETURN_TYPE = YES_ERROR;
				GCC_WARN_UNDECLARED_SELECTOR = YES;
				GCC_WARN_UNINITIALIZED_AUTOS = YES_AGGRESSIVE;
				GCC_WARN_UNUSED_FUNCTION = YES;
				GCC_WARN_UNUSED_VARIABLE = YES;
				GENERATE_INFOPLIST_FILE = YES;
				IPHONEOS_DEPLOYMENT_TARGET = 26.0;
				MARKETING_VERSION = 1.0.0;
				MTL_ENABLE_DEBUG_INFO = INCLUDE_SOURCE;
				MTL_FAST_MATH = YES;
				ONLY_ACTIVE_ARCH = YES;
				PRODUCT_NAME = "$(TARGET_NAME)";
				SWIFT_ACTIVE_COMPILATION_CONDITIONS = DEBUG;
				SWIFT_OPTIMIZATION_LEVEL = "-Onone";
				SWIFT_VERSION = 6.0;
				WATCHOS_DEPLOYMENT_TARGET = 26.0;
			};
			name = Debug;
		};
		96679881261C7908331F12BF /* Release */ = {
			isa = XCBuildConfiguration;
			buildSettings = {
				ALWAYS_SEARCH_USER_PATHS = NO;
				CLANG_ANALYZER_NONNULL = YES;
				CLANG_ANALYZER_NUMBER_OBJECT_CONVERSION = YES_AGGRESSIVE;
				CLANG_CXX_LANGUAGE_STANDARD = "gnu++14";
				CLANG_CXX_LIBRARY = "libc++";
				CLANG_ENABLE_MODULES = YES;
				CLANG_ENABLE_OBJC_ARC = YES;
				CLANG_ENABLE_OBJC_WEAK = YES;
				CLANG_WARN_BLOCK_CAPTURE_AUTORELEASING = YES;
				CLANG_WARN_BOOL_CONVERSION = YES;
				CLANG_WARN_COMMA = YES;
				CLANG_WARN_CONSTANT_CONVERSION = YES;
				CLANG_WARN_DEPRECATED_OBJC_IMPLEMENTATIONS = YES;
				CLANG_WARN_DIRECT_OBJC_ISA_USAGE = YES_ERROR;
				CLANG_WARN_DOCUMENTATION_COMMENTS = YES;
				CLANG_WARN_EMPTY_BODY = YES;
				CLANG_WARN_ENUM_CONVERSION = YES;
				CLANG_WARN_INFINITE_RECURSION = YES;
				CLANG_WARN_INT_CONVERSION = YES;
				CLANG_WARN_NON_LITERAL_NULL_CONVERSION = YES;
				CLANG_WARN_OBJC_IMPLICIT_RETAIN_SELF = YES;
				CLANG_WARN_OBJC_LITERAL_CONVERSION = YES;
				CLANG_WARN_OBJC_ROOT_CLASS = YES_ERROR;
				CLANG_WARN_QUOTED_INCLUDE_IN_FRAMEWORK_HEADER = YES;
				CLANG_WARN_RANGE_LOOP_ANALYSIS = YES;
				CLANG_WARN_STRICT_PROTOTYPES = YES;
				CLANG_WARN_SUSPICIOUS_MOVE = YES;
				CLANG_WARN_UNGUARDED_AVAILABILITY = YES_AGGRESSIVE;
				CLANG_WARN_UNREACHABLE_CODE = YES;
				CLANG_WARN__DUPLICATE_METHOD_MATCH = YES;
				CODE_SIGN_STYLE = Automatic;
				COPY_PHASE_STRIP = NO;
				CURRENT_PROJECT_VERSION = 1;
				DEBUG_INFORMATION_FORMAT = "dwarf-with-dsym";
				ENABLE_NS_ASSERTIONS = NO;
				ENABLE_STRICT_OBJC_MSGSEND = YES;
				GCC_C_LANGUAGE_STANDARD = gnu11;
				GCC_NO_COMMON_BLOCKS = YES;
				GCC_WARN_64_TO_32_BIT_CONVERSION = YES;
				GCC_WARN_ABOUT_RETURN_TYPE = YES_ERROR;
				GCC_WARN_UNDECLARED_SELECTOR = YES;
				GCC_WARN_UNINITIALIZED_AUTOS = YES_AGGRESSIVE;
				GCC_WARN_UNUSED_FUNCTION = YES;
				GCC_WARN_UNUSED_VARIABLE = YES;
				GENERATE_INFOPLIST_FILE = YES;
				IPHONEOS_DEPLOYMENT_TARGET = 26.0;
				MARKETING_VERSION = 1.0.0;
				MTL_ENABLE_DEBUG_INFO = NO;
				MTL_FAST_MATH = YES;
				PRODUCT_NAME = "$(TARGET_NAME)";
				SWIFT_COMPILATION_MODE = wholemodule;
				SWIFT_OPTIMIZATION_LEVEL = "-O";
				SWIFT_VERSION = 6.0;
				WATCHOS_DEPLOYMENT_TARGET = 26.0;
			};
			name = Release;
		};
		D443F7AE5DC8E854AC94A323 /* Debug */ = {
			isa = XCBuildConfiguration;
			buildSettings = {
				ASSETCATALOG_COMPILER_APPICON_NAME = AppIcon;
				CODE_SIGN_ENTITLEMENTS = WrathspeedWatch/WrathspeedWatch.entitlements;
				INFOPLIST_FILE = WrathspeedWatch/Info.plist;
				INFOPLIST_KEY_CFBundleDisplayName = Wrathspeed;
				INFOPLIST_KEY_NSHealthShareUsageDescription = "Wrathspeed reads heart rate and workout data to coach your runs.";
				INFOPLIST_KEY_NSHealthUpdateUsageDescription = "Wrathspeed saves completed runs and strength sessions to Apple Health.";
				INFOPLIST_KEY_NSLocationWhenInUseUsageDescription = "Wrathspeed uses your location to track outdoor runs.";
				INFOPLIST_KEY_WKCompanionAppBundleIdentifier = com.wrathspeed.app;
				PRODUCT_BUNDLE_IDENTIFIER = com.wrathspeed.app.watchkitapp;
				PRODUCT_NAME = "Wrathspeed Watch";
				SDKROOT = watchos;
				SKIP_INSTALL = YES;
				TARGETED_DEVICE_FAMILY = 4;
			};
			name = Debug;
		};
		DAB430F8768238C9D235D597 /* Debug */ = {
			isa = XCBuildConfiguration;
			buildSettings = {
				CODE_SIGN_ENTITLEMENTS = WrathspeedWidgets/WrathspeedWidgets.entitlements;
				INFOPLIST_FILE = WrathspeedWidgets/Info.plist;
				LD_RUNPATH_SEARCH_PATHS = (
					"$(inherited)",
					"@executable_path/Frameworks",
					"@executable_path/../../Frameworks",
				);
				PRODUCT_BUNDLE_IDENTIFIER = com.wrathspeed.app.widgets;
				PRODUCT_NAME = WrathspeedWidgets;
				SDKROOT = iphoneos;
				SKIP_INSTALL = YES;
				TARGETED_DEVICE_FAMILY = 1;
			};
			name = Debug;
		};
/* End XCBuildConfiguration section */

/* Begin XCConfigurationList section */
		3E23F820EF4E2917ED6EC7F8 /* Build configuration list for PBXNativeTarget "WrathspeedWatch" */ = {
			isa = XCConfigurationList;
			buildConfigurations = (
				D443F7AE5DC8E854AC94A323 /* Debug */,
				071B01F118950A6710AF1D3A /* Release */,
			);
			defaultConfigurationIsVisible = 0;
			defaultConfigurationName = Debug;
		};
		5BBD3F6873F3D8730938A826 /* Build configuration list for PBXNativeTarget "WrathspeedTests" */ = {
			isa = XCConfigurationList;
			buildConfigurations = (
				55B27014E7A710A95D905882 /* Debug */,
				131502CE3ADE86F4B39A665D /* Release */,
			);
			defaultConfigurationIsVisible = 0;
			defaultConfigurationName = Debug;
		};
		60DBC3BA5FD4655F316D572B /* Build configuration list for PBXNativeTarget "Wrathspeed" */ = {
			isa = XCConfigurationList;
			buildConfigurations = (
				8B37899C0EEF89900488BC31 /* Debug */,
				8CC8DC13F305A3D50E3B01C4 /* Release */,
			);
			defaultConfigurationIsVisible = 0;
			defaultConfigurationName = Debug;
		};
		74B1362F1E50C1E42C8C0B86 /* Build configuration list for PBXProject "Wrathspeed" */ = {
			isa = XCConfigurationList;
			buildConfigurations = (
				902E272858DAED6B3661ED4E /* Debug */,
				96679881261C7908331F12BF /* Release */,
			);
			defaultConfigurationIsVisible = 0;
			defaultConfigurationName = Debug;
		};
		786C82E158F4AEA6EE79A211 /* Build configuration list for PBXNativeTarget "WrathspeedUITests" */ = {
			isa = XCConfigurationList;
			buildConfigurations = (
				6E48141E732B4B75FBEF0413 /* Debug */,
				66A7CAC692655E6594AF24A2 /* Release */,
			);
			defaultConfigurationIsVisible = 0;
			defaultConfigurationName = Debug;
		};
		BBF777EFE45D7B88B082CD3F /* Build configuration list for PBXNativeTarget "WrathspeedWidgets" */ = {
			isa = XCConfigurationList;
			buildConfigurations = (
				DAB430F8768238C9D235D597 /* Debug */,
				08CE4E82F743C1B0B2F93110 /* Release */,
			);
			defaultConfigurationIsVisible = 0;
			defaultConfigurationName = Debug;
		};
/* End XCConfigurationList section */

/* Begin XCLocalSwiftPackageReference section */
		EBD45B11AAEED50B97D2F0C8 /* XCLocalSwiftPackageReference "WrathspeedCore" */ = {
			isa = XCLocalSwiftPackageReference;
			relativePath = WrathspeedCore;
		};
/* End XCLocalSwiftPackageReference section */

/* Begin XCSwiftPackageProductDependency section */
		33AE900BF55746D394E8E507 /* WrathspeedCore */ = {
			isa = XCSwiftPackageProductDependency;
			productName = WrathspeedCore;
		};
		D4C95B978193A33B7CFAED9E /* WrathspeedCore */ = {
			isa = XCSwiftPackageProductDependency;
			productName = WrathspeedCore;
		};
/* End XCSwiftPackageProductDependency section */
	};
	rootObject = 0FBF55B50238D04F4CAEB657 /* Project object */;
}
